// !$*UTF8*$!
{
	archiveVersion = 1;
	classes = {
	};
	objectVersion = 52;
	objects = {

/* Begin PBXBuildFile section */
		0257994F3A28F22AD95B1D6607EA050F /* Foundation.framework in Frameworks */ = {isa = PBXBuildFile; fileRef = EAB6F611E86A4758835A715E4B4184F6 /* Foundation.framework */; };
		09B8340D1559F940BDCBF3EB1034FE9C /* SwipeDirection.swift in Sources */ = {isa = PBXBuildFile; fileRef = 6404F2FCB231DA19E61E21BCA71C0A5E /* SwipeDirection.swift */; };
		134AC161C6F0DBA61757891303E40ABB /* XLPagerTabStrip-umbrella.h in Headers */ = {isa = PBXBuildFile; fileRef = 02E6283231CC84C73DB7912A8191A966 /* XLPagerTabStrip-umbrella.h */; settings = {ATTRIBUTES = (Public, ); }; };
		186C603E4D2613292D71218FA75F08AB /* Pods-IRemakerFileProvider-dummy.m in Sources */ = {isa = PBXBuildFile; fileRef = AFB6B0FE7C615760099F0DAC13C886D5 /* Pods-IRemakerFileProvider-dummy.m */; };
		1D3893E63BFD6445D94E2C56C4E466B1 /* PKHUD-umbrella.h in Headers */ = {isa = PBXBuildFile; fileRef = BF37F60C45E1305AD8EEAECF337CBDDC /* PKHUD-umbrella.h */; settings = {ATTRIBUTES = (Public, ); }; };
		1D458A2B6C9EEFBA8C137142E338B4A7 /* PKHUD-dummy.m in Sources */ = {isa = PBXBuildFile; fileRef = D15E3C7889C20197968822B25C9EF398 /* PKHUD-dummy.m */; };
		28B36CC720AC2283A32A1E2CAB1B7452 /* Images.xcassets in Resources */ = {isa = PBXBuildFile; fileRef = 9A2B1CD3005BB821F1ACED8B806C2AA7 /* Images.xcassets */; };
		29B38A27C1EFCBD4F6F1E9C597D3FBA0 /* PKHUD.h in Headers */ = {isa = PBXBuildFile; fileRef = 2F55E624676B106B0118101F94298491 /* PKHUD.h */; settings = {ATTRIBUTES = (Public, ); }; };
		357D172D23E09DC4F7507B8D24667EE1 /* FXPageControl.h in Headers */ = {isa = PBXBuildFile; fileRef = 1DF60389194DA653BA1BC29F170384F7 /* FXPageControl.h */; settings = {ATTRIBUTES = (Public, ); }; };
		4A3B235D4A19847D382087DA1B734D67 /* PagerTabStripViewController.swift in Sources */ = {isa = PBXBuildFile; fileRef = 9C8BBD6556DA6724A9F2FB4E87E27AE3 /* PagerTabStripViewController.swift */; };
		51CC139AD8DE393F5A6E2BC51588E9E0 /* Pods-IRemaker-umbrella.h in Headers */ = {isa = PBXBuildFile; fileRef = C8F77B85E024A62EABCCEDC5D78D8D51 /* Pods-IRemaker-umbrella.h */; settings = {ATTRIBUTES = (Public, ); }; };
		5CC966D829EC0DBE5E167B193AB28737 /* Window.swift in Sources */ = {isa = PBXBuildFile; fileRef = 61744C735EE6D03FB5438379B38F47DD /* Window.swift */; };
		5DA4A18E6BA3C78687047CF84E36373F /* XLPagerTabStrip-dummy.m in Sources */ = {isa = PBXBuildFile; fileRef = D7E37676E811358689A87B39973170E5 /* XLPagerTabStrip-dummy.m */; };
		5E2DD8F534ECEDE3289D632F22056744 /* WindowRootViewController.swift in Sources */ = {isa = PBXBuildFile; fileRef = AFF43368C50C25226A78FA841F343340 /* WindowRootViewController.swift */; };
		5F35D6C3C5D36D1FB5A47164F968C4F5 /* Pods-IRemaker-dummy.m in Sources */ = {isa = PBXBuildFile; fileRef = 2A43F83A54CDB5F279FB6527B3967A91 /* Pods-IRemaker-dummy.m */; };
		5FA842568B5F14F670862CBF9A618C32 /* Pods-IRemakerFileProvider-umbrella.h in Headers */ = {isa = PBXBuildFile; fileRef = 7FF2939096BF304FF0DF22EC08AB0D7C /* Pods-IRemakerFileProvider-umbrella.h */; settings = {ATTRIBUTES = (Public, ); }; };
		6140CA3E9F8A5597B2AD19D8AC028BBA /* PKHUDAnimation.swift in Sources */ = {isa = PBXBuildFile; fileRef = 70612797A2E220E1F41F05BEB6EF272C /* PKHUDAnimation.swift */; };
		66AEC32E2849544C357C381D502517F9 /* IndicatorInfo.swift in Sources */ = {isa = PBXBuildFile; fileRef = 572C35E1BBE89F47F325F1CB9D0F4005 /* IndicatorInfo.swift */; };
		72F9723B9544775E87EDE5DA2488EBCD /* UIKit.framework in Frameworks */ = {isa = PBXBuildFile; fileRef = D245E0514AAC1A2B9A6D5EA2F383E90F /* UIKit.framework */; };
		74323F404589C41DFDC878B8AA7C7982 /* ButtonBarViewCell.swift in Sources */ = {isa = PBXBuildFile; fileRef = 7466AE4CA0674C807933639970C432B4 /* ButtonBarViewCell.swift */; };
		773910DE4CE0826D29143099BC35F8E9 /* Foundation.framework in Frameworks */ = {isa = PBXBuildFile; fileRef = EAB6F611E86A4758835A715E4B4184F6 /* Foundation.framework */; };
		7770B29E44311306B0244D9C77958DE7 /* FrameView.swift in Sources */ = {isa = PBXBuildFile; fileRef = 2E534FEADC172AA74E1DA954FE21E2C7 /* FrameView.swift */; };
		81F44261BAAEEBD6752B7A73059DB467 /* PKHUDSystemActivityIndicatorView.swift in Sources */ = {isa = PBXBuildFile; fileRef = 872DB0AC1F05FDAED4304836E66D492E /* PKHUDSystemActivityIndicatorView.swift */; };
		8338832A6E7E5A1BDF73BE5EF4736775 /* PKHUDAnimating.swift in Sources */ = {isa = PBXBuildFile; fileRef = 531D9458F7700C55F8A20B7B82DC8A1E /* PKHUDAnimating.swift */; };
		879FA7F2DCB92C559D6EDD5B649C9063 /* YMTGetDeviceName.swift in Sources */ = {isa = PBXBuildFile; fileRef = 02C1AAF9C1F9E3927FE8A4527C8C8B15 /* YMTGetDeviceName.swift */; };
		88BC89D85E68635A949DD775D08F2E65 /* PKHUDRotatingImageView.swift in Sources */ = {isa = PBXBuildFile; fileRef = 746D5CE8C8C3E163A9E90CA95B1BB501 /* PKHUDRotatingImageView.swift */; };
		8985CE0F706D3B10DADC8382140D9E15 /* BarPagerTabStripViewController.swift in Sources */ = {isa = PBXBuildFile; fileRef = 43639B04F4E2E55C3A63093185ED3DAB /* BarPagerTabStripViewController.swift */; };
		8A20213727F13037C336096A174ACE90 /* YMTGetDeviceName-dummy.m in Sources */ = {isa = PBXBuildFile; fileRef = C733CA30D7246897BDE58E5C661FAD03 /* YMTGetDeviceName-dummy.m */; };
		8AC487DA78C1D8E010FF73976EE4CB5E /* PKHUD.swift in Sources */ = {isa = PBXBuildFile; fileRef = 4664847FD1C6ECDFFF6EC65375DA4C9A /* PKHUD.swift */; };
		8CA7CC6B142C7D8FC27401E106BF251A /* PagerTabStripError.swift in Sources */ = {isa = PBXBuildFile; fileRef = 3C5CB36608AD2357186127F92F7038E5 /* PagerTabStripError.swift */; };
		970E65E99B5B075864E7D27CC11381F8 /* TwitterPagerTabStripViewController.swift in Sources */ = {isa = PBXBuildFile; fileRef = 31530B33710189D0E5A438C6CD249708 /* TwitterPagerTabStripViewController.swift */; };
		989B7C4162362E6946850F0CCDADF436 /* ButtonBarView.swift in Sources */ = {isa = PBXBuildFile; fileRef = B71F464F75D13AA9E9744A32445F6DD7 /* ButtonBarView.swift */; };
		9C4989B094A37DA1D718177A3084725F /* Foundation.framework in Frameworks */ = {isa = PBXBuildFile; fileRef = EAB6F611E86A4758835A715E4B4184F6 /* Foundation.framework */; };
		9CC97041C86D27B4554A70A88A691ACB /* ButtonCell.xib in Resources */ = {isa = PBXBuildFile; fileRef = 54FCD825D1C501AE3CF74456DC911290 /* ButtonCell.xib */; };
		9FBBCB4CEAA4CA1092A0A3EFF4123284 /* PKHUDSuccessView.swift in Sources */ = {isa = PBXBuildFile; fileRef = 69CCA35E69770EBC0D864008CB291E2C /* PKHUDSuccessView.swift */; };
		B3136DF78DE60B821D92B3CA94B90247 /* FXPageControl.m in Sources */ = {isa = PBXBuildFile; fileRef = E2114BF5B4FE2258336D75DA9534B91F /* FXPageControl.m */; };
		BA4C9C20730922C81F77517834381E07 /* PKHUDTextView.swift in Sources */ = {isa = PBXBuildFile; fileRef = AD9A550E9B512B13C53CA7B9F9704E62 /* PKHUDTextView.swift */; };
		BEAF675B5DD517C10FFF0BD24BA5AC37 /* Foundation.framework in Frameworks */ = {isa = PBXBuildFile; fileRef = EAB6F611E86A4758835A715E4B4184F6 /* Foundation.framework */; };
		C47DCBA5F50A4FBB6144B301D023DC15 /* YMTGetDeviceName-umbrella.h in Headers */ = {isa = PBXBuildFile; fileRef = C0373C5BF7A23D5C063B8CCC68F1D6F4 /* YMTGetDeviceName-umbrella.h */; settings = {ATTRIBUTES = (Public, ); }; };
		CC4B95461B6C942083B9DFBDCFC21DC3 /* PKHUDAssets.swift in Sources */ = {isa = PBXBuildFile; fileRef = EFF756C87A2BB6B6388144B14075BEAF /* PKHUDAssets.swift */; };
		D14A93BCDD230341E507FEC43A11E25A /* PagerTabStripBehaviour.swift in Sources */ = {isa = PBXBuildFile; fileRef = 402AD0F73C41B46D046265697485FC3C /* PagerTabStripBehaviour.swift */; };
		D1DE5861D0FA1102411CD65C55BCE741 /* Foundation.framework in Frameworks */ = {isa = PBXBuildFile; fileRef = EAB6F611E86A4758835A715E4B4184F6 /* Foundation.framework */; };
		D48ACDB9951825B14A049125BF4510EE /* PKHUDWideBaseView.swift in Sources */ = {isa = PBXBuildFile; fileRef = 568A3D34E24571B693A9C3D54A764A92 /* PKHUDWideBaseView.swift */; };
		D5DB1B4C5F2C42B6EC8BFFD4E814D34F /* XLPagerTabStrip.bundle in Resources */ = {isa = PBXBuildFile; fileRef = 78BA4BB1A553AB4136F879792D99C87D /* XLPagerTabStrip.bundle */; };
		D8EB85C11E01B359338DF19EE6993A92 /* SegmentedPagerTabStripViewController.swift in Sources */ = {isa = PBXBuildFile; fileRef = 8F56356B2D816436870162557C9EAB66 /* SegmentedPagerTabStripViewController.swift */; };
		D9157733067F80904DE7521C94D7AFFA /* HUD.swift in Sources */ = {isa = PBXBuildFile; fileRef = FB3D0E44ACDB2899D5E0E551CBC9EE26 /* HUD.swift */; };
		DB08A61F71D37E3734AAC2651448CF06 /* ButtonBarPagerTabStripViewController.swift in Sources */ = {isa = PBXBuildFile; fileRef = AA4C996BF675E240E90D9A030C8B076A /* ButtonBarPagerTabStripViewController.swift */; };
		DC46C15A86BF1AD14BAAD0BA492C86E0 /* PKHUDResources.bundle in Resources */ = {isa = PBXBuildFile; fileRef = BFCB2D5C605270A32522299AED3B5AE6 /* PKHUDResources.bundle */; };
		DFBD6600F0DE0429FC181D6EED983337 /* PKHUDSquareBaseView.swift in Sources */ = {isa = PBXBuildFile; fileRef = 799D7F9CD73B8AF22A7071A42A92F6E7 /* PKHUDSquareBaseView.swift */; };
		E72E12FCC3911697FE8BA88D3FE15CDE /* PKHUDProgressView.swift in Sources */ = {isa = PBXBuildFile; fileRef = FE371DA264E79145D6AB36BBF07DF200 /* PKHUDProgressView.swift */; };
		EDD60D784D0886C464D3DC5FF51D5241 /* BaseButtonBarPagerTabStripViewController.swift in Sources */ = {isa = PBXBuildFile; fileRef = FE4BB5BB486788AA3FC4EA66B00C7BFD /* BaseButtonBarPagerTabStripViewController.swift */; };
		EF225D052AEBC027CC5265D70885B396 /* PKHUDErrorView.swift in Sources */ = {isa = PBXBuildFile; fileRef = E45108F76472DD81E0B680780A23CB2E /* PKHUDErrorView.swift */; };
		FD1CA92C7793B9E1609F95C3BCE6F80F /* BarView.swift in Sources */ = {isa = PBXBuildFile; fileRef = 9013E0B65359D6E579B14DF3BA9C6FBA /* BarView.swift */; };
/* End PBXBuildFile section */

/* Begin PBXContainerItemProxy section */
		04AF83E366C6EE40C88853C26C4165DF /* PBXContainerItemProxy */ = {
			isa = PBXContainerItemProxy;
			containerPortal = BFDFE7DC352907FC980B868725387E98 /* Project object */;
			proxyType = 1;
			remoteGlobalIDString = DC5C3A7662FFA04D04D29F4657D032CE;
			remoteInfo = XLPagerTabStrip;
		};
		097E897FD6C581DDA3D33FF99D983113 /* PBXContainerItemProxy */ = {
			isa = PBXContainerItemProxy;
			containerPortal = BFDFE7DC352907FC980B868725387E98 /* Project object */;
			proxyType = 1;
			remoteGlobalIDString = A7F7332F1050B42A501616421AC869EB;
			remoteInfo = "PKHUD-PKHUDResources";
		};
		6201CFA3820816CBB4BAAC494231DB7F /* PBXContainerItemProxy */ = {
			isa = PBXContainerItemProxy;
			containerPortal = BFDFE7DC352907FC980B868725387E98 /* Project object */;
			proxyType = 1;
			remoteGlobalIDString = 2AC46D4577B336F2EB99C348FA35FB25;
			remoteInfo = YMTGetDeviceName;
		};
		B25959ABA62F8EB04D24A16EEFB60249 /* PBXContainerItemProxy */ = {
			isa = PBXContainerItemProxy;
			containerPortal = BFDFE7DC352907FC980B868725387E98 /* Project object */;
			proxyType = 1;
			remoteGlobalIDString = 364873017BA37260EF589D44B6B73D21;
			remoteInfo = PKHUD;
		};
		E738EFDE3C18089AD2B38021B5E067E1 /* PBXContainerItemProxy */ = {
			isa = PBXContainerItemProxy;
			containerPortal = BFDFE7DC352907FC980B868725387E98 /* Project object */;
			proxyType = 1;
			remoteGlobalIDString = EBF90A3A56D4C5830C212D000AB67BC1;
			remoteInfo = "XLPagerTabStrip-XLPagerTabStrip";
		};
/* End PBXContainerItemProxy section */

/* Begin PBXFileReference section */
		02C1AAF9C1F9E3927FE8A4527C8C8B15 /* YMTGetDeviceName.swift */ = {isa = PBXFileReference; includeInIndex = 1; lastKnownFileType = sourcecode.swift; name = YMTGetDeviceName.swift; path = YMTGetDeviceName/YMTGetDeviceName.swift; sourceTree = "<group>"; };
		02E6283231CC84C73DB7912A8191A966 /* XLPagerTabStrip-umbrella.h */ = {isa = PBXFileReference; includeInIndex = 1; lastKnownFileType = sourcecode.c.h; path = "XLPagerTabStrip-umbrella.h"; sourceTree = "<group>"; };
		05A2656F46E8CA87E77A035911B33D10 /* PKHUD.framework */ = {isa = PBXFileReference; explicitFileType = wrapper.framework; includeInIndex = 0; name = PKHUD.framework; path = PKHUD.framework; sourceTree = BUILT_PRODUCTS_DIR; };
		0948EE0A4F2601F7A574242983467C6B /* Pods-IRemakerFileProvider.release.xcconfig */ = {isa = PBXFileReference; includeInIndex = 1; lastKnownFileType = text.xcconfig; path = "Pods-IRemakerFileProvider.release.xcconfig"; sourceTree = "<group>"; };
		1DF60389194DA653BA1BC29F170384F7 /* FXPageControl.h */ = {isa = PBXFileReference; includeInIndex = 1; lastKnownFileType = sourcecode.c.h; name = FXPageControl.h; path = Sources/FXPageControl.h; sourceTree = "<group>"; };
		2A43F83A54CDB5F279FB6527B3967A91 /* Pods-IRemaker-dummy.m */ = {isa = PBXFileReference; includeInIndex = 1; lastKnownFileType = sourcecode.c.objc; path = "Pods-IRemaker-dummy.m"; sourceTree = "<group>"; };
		2E534FEADC172AA74E1DA954FE21E2C7 /* FrameView.swift */ = {isa = PBXFileReference; includeInIndex = 1; lastKnownFileType = sourcecode.swift; name = FrameView.swift; path = PKHUD/FrameView.swift; sourceTree = "<group>"; };
		2E6712C5143C466085BCA2762C3B662B /* Pods-IRemaker-Info.plist */ = {isa = PBXFileReference; includeInIndex = 1; lastKnownFileType = text.plist.xml; path = "Pods-IRemaker-Info.plist"; sourceTree = "<group>"; };
		2F55E624676B106B0118101F94298491 /* PKHUD.h */ = {isa = PBXFileReference; includeInIndex = 1; lastKnownFileType = sourcecode.c.h; name = PKHUD.h; path = PKHUD/PKHUD.h; sourceTree = "<group>"; };
		31530B33710189D0E5A438C6CD249708 /* TwitterPagerTabStripViewController.swift */ = {isa = PBXFileReference; includeInIndex = 1; lastKnownFileType = sourcecode.swift; name = TwitterPagerTabStripViewController.swift; path = Sources/TwitterPagerTabStripViewController.swift; sourceTree = "<group>"; };
		355E3CBE4FBB292801319439D2499BC5 /* XLPagerTabStrip.debug.xcconfig */ = {isa = PBXFileReference; includeInIndex = 1; lastKnownFileType = text.xcconfig; path = XLPagerTabStrip.debug.xcconfig; sourceTree = "<group>"; };
		374A2F85456CA9A33A3795232787B9F9 /* XLPagerTabStrip-Info.plist */ = {isa = PBXFileReference; includeInIndex = 1; lastKnownFileType = text.plist.xml; path = "XLPagerTabStrip-Info.plist"; sourceTree = "<group>"; };
		3C5CB36608AD2357186127F92F7038E5 /* PagerTabStripError.swift */ = {isa = PBXFileReference; includeInIndex = 1; lastKnownFileType = sourcecode.swift; name = PagerTabStripError.swift; path = Sources/PagerTabStripError.swift; sourceTree = "<group>"; };
		402AD0F73C41B46D046265697485FC3C /* PagerTabStripBehaviour.swift */ = {isa = PBXFileReference; includeInIndex = 1; lastKnownFileType = sourcecode.swift; name = PagerTabStripBehaviour.swift; path = Sources/PagerTabStripBehaviour.swift; sourceTree = "<group>"; };
		413EA8DF8678325342DF49A09C07354A /* PKHUD-Info.plist */ = {isa = PBXFileReference; includeInIndex = 1; lastKnownFileType = text.plist.xml; path = "PKHUD-Info.plist"; sourceTree = "<group>"; };
		43639B04F4E2E55C3A63093185ED3DAB /* BarPagerTabStripViewController.swift */ = {isa = PBXFileReference; includeInIndex = 1; lastKnownFileType = sourcecode.swift; name = BarPagerTabStripViewController.swift; path = Sources/BarPagerTabStripViewController.swift; sourceTree = "<group>"; };
		4664847FD1C6ECDFFF6EC65375DA4C9A /* PKHUD.swift */ = {isa = PBXFileReference; includeInIndex = 1; lastKnownFileType = sourcecode.swift; name = PKHUD.swift; path = PKHUD/PKHUD.swift; sourceTree = "<group>"; };
		508311D5131E9AF16BDF2EC802458FC6 /* Pods-IRemaker-acknowledgements.markdown */ = {isa = PBXFileReference; includeInIndex = 1; lastKnownFileType = text; path = "Pods-IRemaker-acknowledgements.markdown"; sourceTree = "<group>"; };
		531D9458F7700C55F8A20B7B82DC8A1E /* PKHUDAnimating.swift */ = {isa = PBXFileReference; includeInIndex = 1; lastKnownFileType = sourcecode.swift; name = PKHUDAnimating.swift; path = PKHUD/PKHUDAnimating.swift; sourceTree = "<group>"; };
		54FCD825D1C501AE3CF74456DC911290 /* ButtonCell.xib */ = {isa = PBXFileReference; includeInIndex = 1; lastKnownFileType = file.xib; name = ButtonCell.xib; path = Sources/ButtonCell.xib; sourceTree = "<group>"; };
		568A3D34E24571B693A9C3D54A764A92 /* PKHUDWideBaseView.swift */ = {isa = PBXFileReference; includeInIndex = 1; lastKnownFileType = sourcecode.swift; name = PKHUDWideBaseView.swift; path = PKHUD/PKHUDWideBaseView.swift; sourceTree = "<group>"; };
		572C35E1BBE89F47F325F1CB9D0F4005 /* IndicatorInfo.swift */ = {isa = PBXFileReference; includeInIndex = 1; lastKnownFileType = sourcecode.swift; name = IndicatorInfo.swift; path = Sources/IndicatorInfo.swift; sourceTree = "<group>"; };
		61744C735EE6D03FB5438379B38F47DD /* Window.swift */ = {isa = PBXFileReference; includeInIndex = 1; lastKnownFileType = sourcecode.swift; name = Window.swift; path = PKHUD/Window.swift; sourceTree = "<group>"; };
		6404F2FCB231DA19E61E21BCA71C0A5E /* SwipeDirection.swift */ = {isa = PBXFileReference; includeInIndex = 1; lastKnownFileType = sourcecode.swift; name = SwipeDirection.swift; path = Sources/SwipeDirection.swift; sourceTree = "<group>"; };
		6677951CD3A4E015156CD359AC37F746 /* Pods-IRemaker-frameworks.sh */ = {isa = PBXFileReference; includeInIndex = 1; lastKnownFileType = text.script.sh; path = "Pods-IRemaker-frameworks.sh"; sourceTree = "<group>"; };
		69CCA35E69770EBC0D864008CB291E2C /* PKHUDSuccessView.swift */ = {isa = PBXFileReference; includeInIndex = 1; lastKnownFileType = sourcecode.swift; name = PKHUDSuccessView.swift; path = PKHUD/PKHUDSuccessView.swift; sourceTree = "<group>"; };
		6B7721F31713B4CDFC0B44E75547EF19 /* Pods-IRemaker.modulemap */ = {isa = PBXFileReference; includeInIndex = 1; lastKnownFileType = sourcecode.module; path = "Pods-IRemaker.modulemap"; sourceTree = "<group>"; };
		700E0BD05E99803DC57AE8CC1FA7249E /* Pods_IRemakerFileProvider.framework */ = {isa = PBXFileReference; explicitFileType = wrapper.framework; includeInIndex = 0; name = Pods_IRemakerFileProvider.framework; path = "Pods-IRemakerFileProvider.framework"; sourceTree = BUILT_PRODUCTS_DIR; };
		70612797A2E220E1F41F05BEB6EF272C /* PKHUDAnimation.swift */ = {isa = PBXFileReference; includeInIndex = 1; lastKnownFileType = sourcecode.swift; name = PKHUDAnimation.swift; path = PKHUD/PKHUDAnimation.swift; sourceTree = "<group>"; };
		7466AE4CA0674C807933639970C432B4 /* ButtonBarViewCell.swift */ = {isa = PBXFileReference; includeInIndex = 1; lastKnownFileType = sourcecode.swift; name = ButtonBarViewCell.swift; path = Sources/ButtonBarViewCell.swift; sourceTree = "<group>"; };
		746D5CE8C8C3E163A9E90CA95B1BB501 /* PKHUDRotatingImageView.swift */ = {isa = PBXFileReference; includeInIndex = 1; lastKnownFileType = sourcecode.swift; name = PKHUDRotatingImageView.swift; path = PKHUD/PKHUDRotatingImageView.swift; sourceTree = "<group>"; };
		7842657B0162EBC35217B87BE114239C /* Pods-IRemaker.release.xcconfig */ = {isa = PBXFileReference; includeInIndex = 1; lastKnownFileType = text.xcconfig; path = "Pods-IRemaker.release.xcconfig"; sourceTree = "<group>"; };
		78BA4BB1A553AB4136F879792D99C87D /* XLPagerTabStrip.bundle */ = {isa = PBXFileReference; explicitFileType = wrapper.cfbundle; includeInIndex = 0; name = XLPagerTabStrip.bundle; path = "XLPagerTabStrip-XLPagerTabStrip.bundle"; sourceTree = BUILT_PRODUCTS_DIR; };
		799D7F9CD73B8AF22A7071A42A92F6E7 /* PKHUDSquareBaseView.swift */ = {isa = PBXFileReference; includeInIndex = 1; lastKnownFileType = sourcecode.swift; name = PKHUDSquareBaseView.swift; path = PKHUD/PKHUDSquareBaseView.swift; sourceTree = "<group>"; };
		7FF2939096BF304FF0DF22EC08AB0D7C /* Pods-IRemakerFileProvider-umbrella.h */ = {isa = PBXFileReference; includeInIndex = 1; lastKnownFileType = sourcecode.c.h; path = "Pods-IRemakerFileProvider-umbrella.h"; sourceTree = "<group>"; };
		83B5A04196E2E8C8A9B52A46E5881672 /* YMTGetDeviceName.release.xcconfig */ = {isa = PBXFileReference; includeInIndex = 1; lastKnownFileType = text.xcconfig; path = YMTGetDeviceName.release.xcconfig; sourceTree = "<group>"; };
		84BE09B167CB2657B3F56796A8CB9C1C /* PKHUD.modulemap */ = {isa = PBXFileReference; includeInIndex = 1; lastKnownFileType = sourcecode.module; path = PKHUD.modulemap; sourceTree = "<group>"; };
		8595F4BE13B55C1DB74F22DE544E27A2 /* PKHUD-prefix.pch */ = {isa = PBXFileReference; includeInIndex = 1; lastKnownFileType = sourcecode.c.h; path = "PKHUD-prefix.pch"; sourceTree = "<group>"; };
		872DB0AC1F05FDAED4304836E66D492E /* PKHUDSystemActivityIndicatorView.swift */ = {isa = PBXFileReference; includeInIndex = 1; lastKnownFileType = sourcecode.swift; name = PKHUDSystemActivityIndicatorView.swift; path = PKHUD/PKHUDSystemActivityIndicatorView.swift; sourceTree = "<group>"; };
		8E0B700BD4B3FE95D3E21509A20CD2A1 /* Pods-IRemaker.adhoc.xcconfig */ = {isa = PBXFileReference; includeInIndex = 1; lastKnownFileType = text.xcconfig; path = "Pods-IRemaker.adhoc.xcconfig"; sourceTree = "<group>"; };
		8F56356B2D816436870162557C9EAB66 /* SegmentedPagerTabStripViewController.swift */ = {isa = PBXFileReference; includeInIndex = 1; lastKnownFileType = sourcecode.swift; name = SegmentedPagerTabStripViewController.swift; path = Sources/SegmentedPagerTabStripViewController.swift; sourceTree = "<group>"; };
		9013E0B65359D6E579B14DF3BA9C6FBA /* BarView.swift */ = {isa = PBXFileReference; includeInIndex = 1; lastKnownFileType = sourcecode.swift; name = BarView.swift; path = Sources/BarView.swift; sourceTree = "<group>"; };
		90946A4747C1071285F592FC49E76AAC /* Pods-IRemakerFileProvider.debug.xcconfig */ = {isa = PBXFileReference; includeInIndex = 1; lastKnownFileType = text.xcconfig; path = "Pods-IRemakerFileProvider.debug.xcconfig"; sourceTree = "<group>"; };
		96ADB69F849DA5E508CD31671DF63BA8 /* Pods-IRemakerFileProvider-Info.plist */ = {isa = PBXFileReference; includeInIndex = 1; lastKnownFileType = text.plist.xml; path = "Pods-IRemakerFileProvider-Info.plist"; sourceTree = "<group>"; };
		9A2B1CD3005BB821F1ACED8B806C2AA7 /* Images.xcassets */ = {isa = PBXFileReference; includeInIndex = 1; lastKnownFileType = folder.assetcatalog; name = Images.xcassets; path = PKHUD/Images.xcassets; sourceTree = "<group>"; };
		9C8BBD6556DA6724A9F2FB4E87E27AE3 /* PagerTabStripViewController.swift */ = {isa = PBXFileReference; includeInIndex = 1; lastKnownFileType = sourcecode.swift; name = PagerTabStripViewController.swift; path = Sources/PagerTabStripViewController.swift; sourceTree = "<group>"; };
		9D940727FF8FB9C785EB98E56350EF41 /* Podfile */ = {isa = PBXFileReference; explicitFileType = text.script.ruby; includeInIndex = 1; indentWidth = 2; lastKnownFileType = text; name = Podfile; path = ../Podfile; sourceTree = SOURCE_ROOT; tabWidth = 2; xcLanguageSpecificationIdentifier = xcode.lang.ruby; };
		A32D404D822A74001D97FEB7F549EEE2 /* PKHUD.debug.xcconfig */ = {isa = PBXFileReference; includeInIndex = 1; lastKnownFileType = text.xcconfig; path = PKHUD.debug.xcconfig; sourceTree = "<group>"; };
		A3FC9D029419E5DDE57702E4949BE620 /* YMTGetDeviceName.modulemap */ = {isa = PBXFileReference; includeInIndex = 1; lastKnownFileType = sourcecode.module; path = YMTGetDeviceName.modulemap; sourceTree = "<group>"; };
		A46F59FC93F316CE92A09FD37E176613 /* XLPagerTabStrip-prefix.pch */ = {isa = PBXFileReference; includeInIndex = 1; lastKnownFileType = sourcecode.c.h; path = "XLPagerTabStrip-prefix.pch"; sourceTree = "<group>"; };
		A9CE8A639E4BC59BEEA5BC2A590A055A /* Pods-IRemakerFileProvider-acknowledgements.plist */ = {isa = PBXFileReference; includeInIndex = 1; lastKnownFileType = text.plist.xml; path = "Pods-IRemakerFileProvider-acknowledgements.plist"; sourceTree = "<group>"; };
		A9E782686DF495B5EE912AE490627DD0 /* XLPagerTabStrip.modulemap */ = {isa = PBXFileReference; includeInIndex = 1; lastKnownFileType = sourcecode.module; path = XLPagerTabStrip.modulemap; sourceTree = "<group>"; };
		AA4C996BF675E240E90D9A030C8B076A /* ButtonBarPagerTabStripViewController.swift */ = {isa = PBXFileReference; includeInIndex = 1; lastKnownFileType = sourcecode.swift; name = ButtonBarPagerTabStripViewController.swift; path = Sources/ButtonBarPagerTabStripViewController.swift; sourceTree = "<group>"; };
		ACA39E7CACA113652A7203427C3FC918 /* YMTGetDeviceName-prefix.pch */ = {isa = PBXFileReference; includeInIndex = 1; lastKnownFileType = sourcecode.c.h; path = "YMTGetDeviceName-prefix.pch"; sourceTree = "<group>"; };
		AD9A550E9B512B13C53CA7B9F9704E62 /* PKHUDTextView.swift */ = {isa = PBXFileReference; includeInIndex = 1; lastKnownFileType = sourcecode.swift; name = PKHUDTextView.swift; path = PKHUD/PKHUDTextView.swift; sourceTree = "<group>"; };
		AFB6B0FE7C615760099F0DAC13C886D5 /* Pods-IRemakerFileProvider-dummy.m */ = {isa = PBXFileReference; includeInIndex = 1; lastKnownFileType = sourcecode.c.objc; path = "Pods-IRemakerFileProvider-dummy.m"; sourceTree = "<group>"; };
		AFF43368C50C25226A78FA841F343340 /* WindowRootViewController.swift */ = {isa = PBXFileReference; includeInIndex = 1; lastKnownFileType = sourcecode.swift; name = WindowRootViewController.swift; path = PKHUD/WindowRootViewController.swift; sourceTree = "<group>"; };
		B22B39CF7A7E2C83AB1FFABE9F709EE8 /* XLPagerTabStrip.release.xcconfig */ = {isa = PBXFileReference; includeInIndex = 1; lastKnownFileType = text.xcconfig; path = XLPagerTabStrip.release.xcconfig; sourceTree = "<group>"; };
		B52210C81538E3A8AE2CC11A048BCFC6 /* Pods-IRemakerFileProvider.adhoc.xcconfig */ = {isa = PBXFileReference; includeInIndex = 1; lastKnownFileType = text.xcconfig; path = "Pods-IRemakerFileProvider.adhoc.xcconfig"; sourceTree = "<group>"; };
		B71F464F75D13AA9E9744A32445F6DD7 /* ButtonBarView.swift */ = {isa = PBXFileReference; includeInIndex = 1; lastKnownFileType = sourcecode.swift; name = ButtonBarView.swift; path = Sources/ButtonBarView.swift; sourceTree = "<group>"; };
		B809C122324B21248EBCC8D56D638ECE /* Pods-IRemakerFileProvider.modulemap */ = {isa = PBXFileReference; includeInIndex = 1; lastKnownFileType = sourcecode.module; path = "Pods-IRemakerFileProvider.modulemap"; sourceTree = "<group>"; };
		BD87420AB4A1FCBC153D1A9F15C3513B /* YMTGetDeviceName.framework */ = {isa = PBXFileReference; explicitFileType = wrapper.framework; includeInIndex = 0; name = YMTGetDeviceName.framework; path = YMTGetDeviceName.framework; sourceTree = BUILT_PRODUCTS_DIR; };
		BDEDA89F383003EE52DA1C622092B52D /* ResourceBundle-XLPagerTabStrip-XLPagerTabStrip-Info.plist */ = {isa = PBXFileReference; includeInIndex = 1; lastKnownFileType = text.plist.xml; path = "ResourceBundle-XLPagerTabStrip-XLPagerTabStrip-Info.plist"; sourceTree = "<group>"; };
		BF37F60C45E1305AD8EEAECF337CBDDC /* PKHUD-umbrella.h */ = {isa = PBXFileReference; includeInIndex = 1; lastKnownFileType = sourcecode.c.h; path = "PKHUD-umbrella.h"; sourceTree = "<group>"; };
		BFCB2D5C605270A32522299AED3B5AE6 /* PKHUDResources.bundle */ = {isa = PBXFileReference; explicitFileType = wrapper.cfbundle; includeInIndex = 0; name = PKHUDResources.bundle; path = "PKHUD-PKHUDResources.bundle"; sourceTree = BUILT_PRODUCTS_DIR; };
		C0373C5BF7A23D5C063B8CCC68F1D6F4 /* YMTGetDeviceName-umbrella.h */ = {isa = PBXFileReference; includeInIndex = 1; lastKnownFileType = sourcecode.c.h; path = "YMTGetDeviceName-umbrella.h"; sourceTree = "<group>"; };
		C63639FE76A6D08BF4EFB813238A34DF /* PKHUD.release.xcconfig */ = {isa = PBXFileReference; includeInIndex = 1; lastKnownFileType = text.xcconfig; path = PKHUD.release.xcconfig; sourceTree = "<group>"; };
		C733CA30D7246897BDE58E5C661FAD03 /* YMTGetDeviceName-dummy.m */ = {isa = PBXFileReference; includeInIndex = 1; lastKnownFileType = sourcecode.c.objc; path = "YMTGetDeviceName-dummy.m"; sourceTree = "<group>"; };
		C75DFEA334A730BBB3A7CA7E2870912A /* YMTGetDeviceName.debug.xcconfig */ = {isa = PBXFileReference; includeInIndex = 1; lastKnownFileType = text.xcconfig; path = YMTGetDeviceName.debug.xcconfig; sourceTree = "<group>"; };
		C8D90FEE4638C414AA8994A69460FC5D /* YMTGetDeviceName-Info.plist */ = {isa = PBXFileReference; includeInIndex = 1; lastKnownFileType = text.plist.xml; path = "YMTGetDeviceName-Info.plist"; sourceTree = "<group>"; };
		C8F77B85E024A62EABCCEDC5D78D8D51 /* Pods-IRemaker-umbrella.h */ = {isa = PBXFileReference; includeInIndex = 1; lastKnownFileType = sourcecode.c.h; path = "Pods-IRemaker-umbrella.h"; sourceTree = "<group>"; };
		CB7D05B722B7A35115ABB2299DD922BE /* Pods-IRemakerFileProvider-acknowledgements.markdown */ = {isa = PBXFileReference; includeInIndex = 1; lastKnownFileType = text; path = "Pods-IRemakerFileProvider-acknowledgements.markdown"; sourceTree = "<group>"; };
		D15E3C7889C20197968822B25C9EF398 /* PKHUD-dummy.m */ = {isa = PBXFileReference; includeInIndex = 1; lastKnownFileType = sourcecode.c.objc; path = "PKHUD-dummy.m"; sourceTree = "<group>"; };
		D245E0514AAC1A2B9A6D5EA2F383E90F /* UIKit.framework */ = {isa = PBXFileReference; lastKnownFileType = wrapper.framework; name = UIKit.framework; path = Platforms/iPhoneOS.platform/Developer/SDKs/iPhoneOS14.0.sdk/System/Library/Frameworks/UIKit.framework; sourceTree = DEVELOPER_DIR; };
		D7E37676E811358689A87B39973170E5 /* XLPagerTabStrip-dummy.m */ = {isa = PBXFileReference; includeInIndex = 1; lastKnownFileType = sourcecode.c.objc; path = "XLPagerTabStrip-dummy.m"; sourceTree = "<group>"; };
		D95A47273585BE73A147940A5362F960 /* ResourceBundle-PKHUDResources-PKHUD-Info.plist */ = {isa = PBXFileReference; includeInIndex = 1; lastKnownFileType = text.plist.xml; path = "ResourceBundle-PKHUDResources-PKHUD-Info.plist"; sourceTree = "<group>"; };
		DA9F994726EA85D4698120E9FD4E5690 /* Pods-IRemaker-acknowledgements.plist */ = {isa = PBXFileReference; includeInIndex = 1; lastKnownFileType = text.plist.xml; path = "Pods-IRemaker-acknowledgements.plist"; sourceTree = "<group>"; };
		E2114BF5B4FE2258336D75DA9534B91F /* FXPageControl.m */ = {isa = PBXFileReference; includeInIndex = 1; lastKnownFileType = sourcecode.c.objc; name = FXPageControl.m; path = Sources/FXPageControl.m; sourceTree = "<group>"; };
		E45108F76472DD81E0B680780A23CB2E /* PKHUDErrorView.swift */ = {isa = PBXFileReference; includeInIndex = 1; lastKnownFileType = sourcecode.swift; name = PKHUDErrorView.swift; path = PKHUD/PKHUDErrorView.swift; sourceTree = "<group>"; };
		EAB6F611E86A4758835A715E4B4184F6 /* Foundation.framework */ = {isa = PBXFileReference; lastKnownFileType = wrapper.framework; name = Foundation.framework; path = Platforms/iPhoneOS.platform/Developer/SDKs/iPhoneOS14.0.sdk/System/Library/Frameworks/Foundation.framework; sourceTree = DEVELOPER_DIR; };
		EFF756C87A2BB6B6388144B14075BEAF /* PKHUDAssets.swift */ = {isa = PBXFileReference; includeInIndex = 1; lastKnownFileType = sourcecode.swift; name = PKHUDAssets.swift; path = PKHUD/PKHUDAssets.swift; sourceTree = "<group>"; };
		F1DDEA945255A18F0B9913AB1C2AB718 /* XLPagerTabStrip.framework */ = {isa = PBXFileReference; explicitFileType = wrapper.framework; includeInIndex = 0; name = XLPagerTabStrip.framework; path = XLPagerTabStrip.framework; sourceTree = BUILT_PRODUCTS_DIR; };
		F626A90B6B62FF38F7C14369C2D98DE3 /* Pods_IRemaker.framework */ = {isa = PBXFileReference; explicitFileType = wrapper.framework; includeInIndex = 0; name = Pods_IRemaker.framework; path = "Pods-IRemaker.framework"; sourceTree = BUILT_PRODUCTS_DIR; };
		FB3D0E44ACDB2899D5E0E551CBC9EE26 /* HUD.swift */ = {isa = PBXFileReference; includeInIndex = 1; lastKnownFileType = sourcecode.swift; name = HUD.swift; path = PKHUD/HUD.swift; sourceTree = "<group>"; };
		FBEC4FF6650A6CC26DD88678AAD72D6A /* Pods-IRemaker.debug.xcconfig */ = {isa = PBXFileReference; includeInIndex = 1; lastKnownFileType = text.xcconfig; path = "Pods-IRemaker.debug.xcconfig"; sourceTree = "<group>"; };
		FE371DA264E79145D6AB36BBF07DF200 /* PKHUDProgressView.swift */ = {isa = PBXFileReference; includeInIndex = 1; lastKnownFileType = sourcecode.swift; name = PKHUDProgressView.swift; path = PKHUD/PKHUDProgressView.swift; sourceTree = "<group>"; };
		FE4BB5BB486788AA3FC4EA66B00C7BFD /* BaseButtonBarPagerTabStripViewController.swift */ = {isa = PBXFileReference; includeInIndex = 1; lastKnownFileType = sourcecode.swift; name = BaseButtonBarPagerTabStripViewController.swift; path = Sources/BaseButtonBarPagerTabStripViewController.swift; sourceTree = "<group>"; };
/* End PBXFileReference section */

/* Begin PBXFrameworksBuildPhase section */
		32E76BDBA3F478B03DBEF876C441F4CF /* Frameworks */ = {
			isa = PBXFrameworksBuildPhase;
			buildActionMask = 2147483647;
			files = (
				9C4989B094A37DA1D718177A3084725F /* Foundation.framework in Frameworks */,
			);
			runOnlyForDeploymentPostprocessing = 0;
		};
		44F4F160662A2BE5FD88C78C3C80A9CD /* Frameworks */ = {
			isa = PBXFrameworksBuildPhase;
			buildActionMask = 2147483647;
			files = (
				BEAF675B5DD517C10FFF0BD24BA5AC37 /* Foundation.framework in Frameworks */,
			);
			runOnlyForDeploymentPostprocessing = 0;
		};
		4B7A289B2577A26F23AA61735BC67654 /* Frameworks */ = {
			isa = PBXFrameworksBuildPhase;
			buildActionMask = 2147483647;
			files = (
				773910DE4CE0826D29143099BC35F8E9 /* Foundation.framework in Frameworks */,
			);
			runOnlyForDeploymentPostprocessing = 0;
		};
		56CA9AD7868CF87BEA529331024E3F67 /* Frameworks */ = {
			isa = PBXFrameworksBuildPhase;
			buildActionMask = 2147483647;
			files = (
			);
			runOnlyForDeploymentPostprocessing = 0;
		};
		84316D9DC80D8344410DB84DD7CAC2A8 /* Frameworks */ = {
			isa = PBXFrameworksBuildPhase;
			buildActionMask = 2147483647;
			files = (
				0257994F3A28F22AD95B1D6607EA050F /* Foundation.framework in Frameworks */,
			);
			runOnlyForDeploymentPostprocessing = 0;
		};
		D61860603CF70A717B4E676B1E1867FC /* Frameworks */ = {
			isa = PBXFrameworksBuildPhase;
			buildActionMask = 2147483647;
			files = (
			);
			runOnlyForDeploymentPostprocessing = 0;
		};
		E802B71D7852CE5B303F16636071FB2E /* Frameworks */ = {
			isa = PBXFrameworksBuildPhase;
			buildActionMask = 2147483647;
			files = (
				D1DE5861D0FA1102411CD65C55BCE741 /* Foundation.framework in Frameworks */,
				72F9723B9544775E87EDE5DA2488EBCD /* UIKit.framework in Frameworks */,
			);
			runOnlyForDeploymentPostprocessing = 0;
		};
/* End PBXFrameworksBuildPhase section */

/* Begin PBXGroup section */
		1628BF05B4CAFDCC3549A101F5A10A17 /* Frameworks */ = {
			isa = PBXGroup;
			children = (
				59DA5C1F72E1D5BABC43EACBA672C3BA /* iOS */,
			);
			name = Frameworks;
			sourceTree = "<group>";
		};
		3C34A7015CC423410B2AE375F4710544 /* Products */ = {
			isa = PBXGroup;
			children = (
				05A2656F46E8CA87E77A035911B33D10 /* PKHUD.framework */,
				BFCB2D5C605270A32522299AED3B5AE6 /* PKHUDResources.bundle */,
				F626A90B6B62FF38F7C14369C2D98DE3 /* Pods_IRemaker.framework */,
				700E0BD05E99803DC57AE8CC1FA7249E /* Pods_IRemakerFileProvider.framework */,
				78BA4BB1A553AB4136F879792D99C87D /* XLPagerTabStrip.bundle */,
				F1DDEA945255A18F0B9913AB1C2AB718 /* XLPagerTabStrip.framework */,
				BD87420AB4A1FCBC153D1A9F15C3513B /* YMTGetDeviceName.framework */,
			);
			name = Products;
			sourceTree = "<group>";
		};
		48823EC607A8B9A013388607F5F1CB05 /* Support Files */ = {
			isa = PBXGroup;
			children = (
				A3FC9D029419E5DDE57702E4949BE620 /* YMTGetDeviceName.modulemap */,
				C733CA30D7246897BDE58E5C661FAD03 /* YMTGetDeviceName-dummy.m */,
				C8D90FEE4638C414AA8994A69460FC5D /* YMTGetDeviceName-Info.plist */,
				ACA39E7CACA113652A7203427C3FC918 /* YMTGetDeviceName-prefix.pch */,
				C0373C5BF7A23D5C063B8CCC68F1D6F4 /* YMTGetDeviceName-umbrella.h */,
				C75DFEA334A730BBB3A7CA7E2870912A /* YMTGetDeviceName.debug.xcconfig */,
				83B5A04196E2E8C8A9B52A46E5881672 /* YMTGetDeviceName.release.xcconfig */,
			);
			name = "Support Files";
			path = "../Target Support Files/YMTGetDeviceName";
			sourceTree = "<group>";
		};
		4F6A3E9F1F849EEFFFA9052FECF52B15 /* Pods-IRemakerFileProvider */ = {
			isa = PBXGroup;
			children = (
				B809C122324B21248EBCC8D56D638ECE /* Pods-IRemakerFileProvider.modulemap */,
				CB7D05B722B7A35115ABB2299DD922BE /* Pods-IRemakerFileProvider-acknowledgements.markdown */,
				A9CE8A639E4BC59BEEA5BC2A590A055A /* Pods-IRemakerFileProvider-acknowledgements.plist */,
				AFB6B0FE7C615760099F0DAC13C886D5 /* Pods-IRemakerFileProvider-dummy.m */,
				96ADB69F849DA5E508CD31671DF63BA8 /* Pods-IRemakerFileProvider-Info.plist */,
				7FF2939096BF304FF0DF22EC08AB0D7C /* Pods-IRemakerFileProvider-umbrella.h */,
				B52210C81538E3A8AE2CC11A048BCFC6 /* Pods-IRemakerFileProvider.adhoc.xcconfig */,
				90946A4747C1071285F592FC49E76AAC /* Pods-IRemakerFileProvider.debug.xcconfig */,
				0948EE0A4F2601F7A574242983467C6B /* Pods-IRemakerFileProvider.release.xcconfig */,
			);
			name = "Pods-IRemakerFileProvider";
			path = "Target Support Files/Pods-IRemakerFileProvider";
			sourceTree = "<group>";
		};
		538CC45082D8D720DDA0670B21688D46 /* Targets Support Files */ = {
			isa = PBXGroup;
			children = (
				7B1D33B9C263DC4708D2EA339B96AD62 /* Pods-IRemaker */,
				4F6A3E9F1F849EEFFFA9052FECF52B15 /* Pods-IRemakerFileProvider */,
			);
			name = "Targets Support Files";
			sourceTree = "<group>";
		};
		59DA5C1F72E1D5BABC43EACBA672C3BA /* iOS */ = {
			isa = PBXGroup;
			children = (
				EAB6F611E86A4758835A715E4B4184F6 /* Foundation.framework */,
				D245E0514AAC1A2B9A6D5EA2F383E90F /* UIKit.framework */,
			);
			name = iOS;
			sourceTree = "<group>";
		};
		5AB6A387635D613220B3833F01A59421 /* Support Files */ = {
			isa = PBXGroup;
			children = (
				84BE09B167CB2657B3F56796A8CB9C1C /* PKHUD.modulemap */,
				D15E3C7889C20197968822B25C9EF398 /* PKHUD-dummy.m */,
				413EA8DF8678325342DF49A09C07354A /* PKHUD-Info.plist */,
				8595F4BE13B55C1DB74F22DE544E27A2 /* PKHUD-prefix.pch */,
				BF37F60C45E1305AD8EEAECF337CBDDC /* PKHUD-umbrella.h */,
				A32D404D822A74001D97FEB7F549EEE2 /* PKHUD.debug.xcconfig */,
				C63639FE76A6D08BF4EFB813238A34DF /* PKHUD.release.xcconfig */,
				D95A47273585BE73A147940A5362F960 /* ResourceBundle-PKHUDResources-PKHUD-Info.plist */,
			);
			name = "Support Files";
			path = "../Target Support Files/PKHUD";
			sourceTree = "<group>";
		};
		5DBDE56067E1A16BF7FE8A39B44E1C9B /* Pods */ = {
			isa = PBXGroup;
			children = (
				83F945FB02B0F5C8408328AC67C9C65E /* PKHUD */,
				DC9E9A2FF14B5B942ADCC55AD4125042 /* XLPagerTabStrip */,
				9FDF77E9953F64803D5073675A282459 /* YMTGetDeviceName */,
			);
			name = Pods;
			sourceTree = "<group>";
		};
		7B1D33B9C263DC4708D2EA339B96AD62 /* Pods-IRemaker */ = {
			isa = PBXGroup;
			children = (
				6B7721F31713B4CDFC0B44E75547EF19 /* Pods-IRemaker.modulemap */,
				508311D5131E9AF16BDF2EC802458FC6 /* Pods-IRemaker-acknowledgements.markdown */,
				DA9F994726EA85D4698120E9FD4E5690 /* Pods-IRemaker-acknowledgements.plist */,
				2A43F83A54CDB5F279FB6527B3967A91 /* Pods-IRemaker-dummy.m */,
				6677951CD3A4E015156CD359AC37F746 /* Pods-IRemaker-frameworks.sh */,
				2E6712C5143C466085BCA2762C3B662B /* Pods-IRemaker-Info.plist */,
				C8F77B85E024A62EABCCEDC5D78D8D51 /* Pods-IRemaker-umbrella.h */,
				8E0B700BD4B3FE95D3E21509A20CD2A1 /* Pods-IRemaker.adhoc.xcconfig */,
				FBEC4FF6650A6CC26DD88678AAD72D6A /* Pods-IRemaker.debug.xcconfig */,
				7842657B0162EBC35217B87BE114239C /* Pods-IRemaker.release.xcconfig */,
			);
			name = "Pods-IRemaker";
			path = "Target Support Files/Pods-IRemaker";
			sourceTree = "<group>";
		};
		83F945FB02B0F5C8408328AC67C9C65E /* PKHUD */ = {
			isa = PBXGroup;
			children = (
				2E534FEADC172AA74E1DA954FE21E2C7 /* FrameView.swift */,
				FB3D0E44ACDB2899D5E0E551CBC9EE26 /* HUD.swift */,
				2F55E624676B106B0118101F94298491 /* PKHUD.h */,
				4664847FD1C6ECDFFF6EC65375DA4C9A /* PKHUD.swift */,
				531D9458F7700C55F8A20B7B82DC8A1E /* PKHUDAnimating.swift */,
				70612797A2E220E1F41F05BEB6EF272C /* PKHUDAnimation.swift */,
				EFF756C87A2BB6B6388144B14075BEAF /* PKHUDAssets.swift */,
				E45108F76472DD81E0B680780A23CB2E /* PKHUDErrorView.swift */,
				FE371DA264E79145D6AB36BBF07DF200 /* PKHUDProgressView.swift */,
				746D5CE8C8C3E163A9E90CA95B1BB501 /* PKHUDRotatingImageView.swift */,
				799D7F9CD73B8AF22A7071A42A92F6E7 /* PKHUDSquareBaseView.swift */,
				69CCA35E69770EBC0D864008CB291E2C /* PKHUDSuccessView.swift */,
				872DB0AC1F05FDAED4304836E66D492E /* PKHUDSystemActivityIndicatorView.swift */,
				AD9A550E9B512B13C53CA7B9F9704E62 /* PKHUDTextView.swift */,
				568A3D34E24571B693A9C3D54A764A92 /* PKHUDWideBaseView.swift */,
				61744C735EE6D03FB5438379B38F47DD /* Window.swift */,
				AFF43368C50C25226A78FA841F343340 /* WindowRootViewController.swift */,
				B89599F41EA1CA3EEAB18AF83739B777 /* Resources */,
				5AB6A387635D613220B3833F01A59421 /* Support Files */,
			);
			name = PKHUD;
			path = PKHUD;
			sourceTree = "<group>";
		};
		9FDF77E9953F64803D5073675A282459 /* YMTGetDeviceName */ = {
			isa = PBXGroup;
			children = (
				02C1AAF9C1F9E3927FE8A4527C8C8B15 /* YMTGetDeviceName.swift */,
				48823EC607A8B9A013388607F5F1CB05 /* Support Files */,
			);
			name = YMTGetDeviceName;
			path = YMTGetDeviceName;
			sourceTree = "<group>";
		};
		B89599F41EA1CA3EEAB18AF83739B777 /* Resources */ = {
			isa = PBXGroup;
			children = (
				9A2B1CD3005BB821F1ACED8B806C2AA7 /* Images.xcassets */,
			);
			name = Resources;
			sourceTree = "<group>";
		};
		C8994ED2370B75D51067C3EC4AD0B8EE /* Resources */ = {
			isa = PBXGroup;
			children = (
				54FCD825D1C501AE3CF74456DC911290 /* ButtonCell.xib */,
			);
			name = Resources;
			sourceTree = "<group>";
		};
		CF1408CF629C7361332E53B88F7BD30C = {
			isa = PBXGroup;
			children = (
				9D940727FF8FB9C785EB98E56350EF41 /* Podfile */,
				1628BF05B4CAFDCC3549A101F5A10A17 /* Frameworks */,
				5DBDE56067E1A16BF7FE8A39B44E1C9B /* Pods */,
				3C34A7015CC423410B2AE375F4710544 /* Products */,
				538CC45082D8D720DDA0670B21688D46 /* Targets Support Files */,
			);
			sourceTree = "<group>";
		};
		D93D740D12F8C0942C5C479410E775E5 /* Support Files */ = {
			isa = PBXGroup;
			children = (
				BDEDA89F383003EE52DA1C622092B52D /* ResourceBundle-XLPagerTabStrip-XLPagerTabStrip-Info.plist */,
				A9E782686DF495B5EE912AE490627DD0 /* XLPagerTabStrip.modulemap */,
				D7E37676E811358689A87B39973170E5 /* XLPagerTabStrip-dummy.m */,
				374A2F85456CA9A33A3795232787B9F9 /* XLPagerTabStrip-Info.plist */,
				A46F59FC93F316CE92A09FD37E176613 /* XLPagerTabStrip-prefix.pch */,
				02E6283231CC84C73DB7912A8191A966 /* XLPagerTabStrip-umbrella.h */,
				355E3CBE4FBB292801319439D2499BC5 /* XLPagerTabStrip.debug.xcconfig */,
				B22B39CF7A7E2C83AB1FFABE9F709EE8 /* XLPagerTabStrip.release.xcconfig */,
			);
			name = "Support Files";
			path = "../Target Support Files/XLPagerTabStrip";
			sourceTree = "<group>";
		};
		DC9E9A2FF14B5B942ADCC55AD4125042 /* XLPagerTabStrip */ = {
			isa = PBXGroup;
			children = (
				43639B04F4E2E55C3A63093185ED3DAB /* BarPagerTabStripViewController.swift */,
				9013E0B65359D6E579B14DF3BA9C6FBA /* BarView.swift */,
				FE4BB5BB486788AA3FC4EA66B00C7BFD /* BaseButtonBarPagerTabStripViewController.swift */,
				AA4C996BF675E240E90D9A030C8B076A /* ButtonBarPagerTabStripViewController.swift */,
				B71F464F75D13AA9E9744A32445F6DD7 /* ButtonBarView.swift */,
				7466AE4CA0674C807933639970C432B4 /* ButtonBarViewCell.swift */,
				1DF60389194DA653BA1BC29F170384F7 /* FXPageControl.h */,
				E2114BF5B4FE2258336D75DA9534B91F /* FXPageControl.m */,
				572C35E1BBE89F47F325F1CB9D0F4005 /* IndicatorInfo.swift */,
				402AD0F73C41B46D046265697485FC3C /* PagerTabStripBehaviour.swift */,
				3C5CB36608AD2357186127F92F7038E5 /* PagerTabStripError.swift */,
				9C8BBD6556DA6724A9F2FB4E87E27AE3 /* PagerTabStripViewController.swift */,
				8F56356B2D816436870162557C9EAB66 /* SegmentedPagerTabStripViewController.swift */,
				6404F2FCB231DA19E61E21BCA71C0A5E /* SwipeDirection.swift */,
				31530B33710189D0E5A438C6CD249708 /* TwitterPagerTabStripViewController.swift */,
				C8994ED2370B75D51067C3EC4AD0B8EE /* Resources */,
				D93D740D12F8C0942C5C479410E775E5 /* Support Files */,
			);
			name = XLPagerTabStrip;
			path = XLPagerTabStrip;
			sourceTree = "<group>";
		};
/* End PBXGroup section */

/* Begin PBXHeadersBuildPhase section */
		73295653FCD72A16C118AB8B92890393 /* Headers */ = {
			isa = PBXHeadersBuildPhase;
			buildActionMask = 2147483647;
			files = (
				1D3893E63BFD6445D94E2C56C4E466B1 /* PKHUD-umbrella.h in Headers */,
				29B38A27C1EFCBD4F6F1E9C597D3FBA0 /* PKHUD.h in Headers */,
			);
			runOnlyForDeploymentPostprocessing = 0;
		};
		851CE3E2DC3489838E5E5717E3A29950 /* Headers */ = {
			isa = PBXHeadersBuildPhase;
			buildActionMask = 2147483647;
			files = (
				357D172D23E09DC4F7507B8D24667EE1 /* FXPageControl.h in Headers */,
				134AC161C6F0DBA61757891303E40ABB /* XLPagerTabStrip-umbrella.h in Headers */,
			);
			runOnlyForDeploymentPostprocessing = 0;
		};
		A9C61D6B3E932A9F18E850D2B30E74D9 /* Headers */ = {
			isa = PBXHeadersBuildPhase;
			buildActionMask = 2147483647;
			files = (
				51CC139AD8DE393F5A6E2BC51588E9E0 /* Pods-IRemaker-umbrella.h in Headers */,
			);
			runOnlyForDeploymentPostprocessing = 0;
		};
		AAA9DD4D61624819C4A5548962AA11E2 /* Headers */ = {
			isa = PBXHeadersBuildPhase;
			buildActionMask = 2147483647;
			files = (
				5FA842568B5F14F670862CBF9A618C32 /* Pods-IRemakerFileProvider-umbrella.h in Headers */,
			);
			runOnlyForDeploymentPostprocessing = 0;
		};
		FDB5089E5FABB8CF27CFC9FA022B6A72 /* Headers */ = {
			isa = PBXHeadersBuildPhase;
			buildActionMask = 2147483647;
			files = (
				C47DCBA5F50A4FBB6144B301D023DC15 /* YMTGetDeviceName-umbrella.h in Headers */,
			);
			runOnlyForDeploymentPostprocessing = 0;
		};
/* End PBXHeadersBuildPhase section */

/* Begin PBXNativeTarget section */
		11D25C01CFDB26A7A317C03F23C68284 /* Pods-IRemakerFileProvider */ = {
			isa = PBXNativeTarget;
			buildConfigurationList = D11EAC2D6C1E48D4EB28F94B8F4C8D26 /* Build configuration list for PBXNativeTarget "Pods-IRemakerFileProvider" */;
			buildPhases = (
				AAA9DD4D61624819C4A5548962AA11E2 /* Headers */,
				EB0B3BCAC7DDD7DEDF83BBC0252B1330 /* Sources */,
				44F4F160662A2BE5FD88C78C3C80A9CD /* Frameworks */,
				BE2AADF54E6E7B4B553030E9DCBA6906 /* Resources */,
			);
			buildRules = (
			);
			dependencies = (
			);
			name = "Pods-IRemakerFileProvider";
			productName = "Pods-IRemakerFileProvider";
			productReference = 700E0BD05E99803DC57AE8CC1FA7249E /* Pods_IRemakerFileProvider.framework */;
			productType = "com.apple.product-type.framework";
		};
		2AC46D4577B336F2EB99C348FA35FB25 /* YMTGetDeviceName */ = {
			isa = PBXNativeTarget;
			buildConfigurationList = 355DAB280EC4EED366D1AC1E71B313E3 /* Build configuration list for PBXNativeTarget "YMTGetDeviceName" */;
			buildPhases = (
				FDB5089E5FABB8CF27CFC9FA022B6A72 /* Headers */,
				ABD5854B2F0A6E58DB1CBC478167D2CD /* Sources */,
				4B7A289B2577A26F23AA61735BC67654 /* Frameworks */,
				BFD2B8DF44ED480CC255E8767601A2A6 /* Resources */,
			);
			buildRules = (
			);
			dependencies = (
			);
			name = YMTGetDeviceName;
			productName = YMTGetDeviceName;
			productReference = BD87420AB4A1FCBC153D1A9F15C3513B /* YMTGetDeviceName.framework */;
			productType = "com.apple.product-type.framework";
		};
		364873017BA37260EF589D44B6B73D21 /* PKHUD */ = {
			isa = PBXNativeTarget;
			buildConfigurationList = D923BF0715785260A5785B3ECAABE09C /* Build configuration list for PBXNativeTarget "PKHUD" */;
			buildPhases = (
				73295653FCD72A16C118AB8B92890393 /* Headers */,
				D9CEFDBD3BE6AA6FF68E4CC68048B706 /* Sources */,
				32E76BDBA3F478B03DBEF876C441F4CF /* Frameworks */,
				D2D85BEE876D494CACC39E903D4E60E4 /* Resources */,
			);
			buildRules = (
			);
			dependencies = (
				6D5C0878876A37E650E0646BCAF686EC /* PBXTargetDependency */,
			);
			name = PKHUD;
			productName = PKHUD;
			productReference = 05A2656F46E8CA87E77A035911B33D10 /* PKHUD.framework */;
			productType = "com.apple.product-type.framework";
		};
		A7F7332F1050B42A501616421AC869EB /* PKHUD-PKHUDResources */ = {
			isa = PBXNativeTarget;
			buildConfigurationList = 820B99742D931FB4D57BFD86126CAB41 /* Build configuration list for PBXNativeTarget "PKHUD-PKHUDResources" */;
			buildPhases = (
				D97B16F260B0E9EBB73F20CAC01549FD /* Sources */,
				56CA9AD7868CF87BEA529331024E3F67 /* Frameworks */,
				86B96FED0DDA2428795517D21216442D /* Resources */,
			);
			buildRules = (
			);
			dependencies = (
			);
			name = "PKHUD-PKHUDResources";
			productName = "PKHUD-PKHUDResources";
			productReference = BFCB2D5C605270A32522299AED3B5AE6 /* PKHUDResources.bundle */;
			productType = "com.apple.product-type.bundle";
		};
		C5C16844A0A0E5DB11B65FC8C3602D7F /* Pods-IRemaker */ = {
			isa = PBXNativeTarget;
			buildConfigurationList = 39607C8B9F460F11F412F10E7DAC7307 /* Build configuration list for PBXNativeTarget "Pods-IRemaker" */;
			buildPhases = (
				A9C61D6B3E932A9F18E850D2B30E74D9 /* Headers */,
				DD42C43F190346AF595EF103C1112CDB /* Sources */,
				84316D9DC80D8344410DB84DD7CAC2A8 /* Frameworks */,
				95D01541E1471CCA4EEFCCF3EE483EE2 /* Resources */,
			);
			buildRules = (
			);
			dependencies = (
				CC1A15492CE43E2A12343F56D982CFE9 /* PBXTargetDependency */,
				BEE53221DB1B3D45C57B6F4AB5F77305 /* PBXTargetDependency */,
				10EEE3A6AACCF638E5264295F7BB1A11 /* PBXTargetDependency */,
			);
			name = "Pods-IRemaker";
			productName = "Pods-IRemaker";
			productReference = F626A90B6B62FF38F7C14369C2D98DE3 /* Pods_IRemaker.framework */;
			productType = "com.apple.product-type.framework";
		};
		DC5C3A7662FFA04D04D29F4657D032CE /* XLPagerTabStrip */ = {
			isa = PBXNativeTarget;
			buildConfigurationList = 197A44AED36D2FDFC72D5EBBDDBFB3E5 /* Build configuration list for PBXNativeTarget "XLPagerTabStrip" */;
			buildPhases = (
				851CE3E2DC3489838E5E5717E3A29950 /* Headers */,
				45BB879C0E41A6FBF612CC24EBAEAEBA /* Sources */,
				E802B71D7852CE5B303F16636071FB2E /* Frameworks */,
				5B614ACC95CB1C6D494B3D3BCAB1F4B5 /* Resources */,
			);
			buildRules = (
			);
			dependencies = (
				FE143FC95E6B98035C6BA370BDB8BC8C /* PBXTargetDependency */,
			);
			name = XLPagerTabStrip;
			productName = XLPagerTabStrip;
			productReference = F1DDEA945255A18F0B9913AB1C2AB718 /* XLPagerTabStrip.framework */;
			productType = "com.apple.product-type.framework";
		};
		EBF90A3A56D4C5830C212D000AB67BC1 /* XLPagerTabStrip-XLPagerTabStrip */ = {
			isa = PBXNativeTarget;
			buildConfigurationList = FE27CE95D08BBF11BC0FAA7672839A56 /* Build configuration list for PBXNativeTarget "XLPagerTabStrip-XLPagerTabStrip" */;
			buildPhases = (
				651599ABAD7AD512C4F5EF12C9070040 /* Sources */,
				D61860603CF70A717B4E676B1E1867FC /* Frameworks */,
				0258D0E26959A3B6C2A2DBC040A6516F /* Resources */,
			);
			buildRules = (
			);
			dependencies = (
			);
			name = "XLPagerTabStrip-XLPagerTabStrip";
			productName = "XLPagerTabStrip-XLPagerTabStrip";
			productReference = 78BA4BB1A553AB4136F879792D99C87D /* XLPagerTabStrip.bundle */;
			productType = "com.apple.product-type.bundle";
		};
/* End PBXNativeTarget section */

/* Begin PBXProject section */
		BFDFE7DC352907FC980B868725387E98 /* Project object */ = {
			isa = PBXProject;
			attributes = {
				LastSwiftUpdateCheck = 1100;
				LastUpgradeCheck = 1100;
			};
			buildConfigurationList = 4821239608C13582E20E6DA73FD5F1F9 /* Build configuration list for PBXProject "Pods" */;
			compatibilityVersion = "Xcode 11.0";
			developmentRegion = en;
			hasScannedForEncodings = 0;
			knownRegions = (
				en,
				Base,
			);
			mainGroup = CF1408CF629C7361332E53B88F7BD30C;
			productRefGroup = 3C34A7015CC423410B2AE375F4710544 /* Products */;
			projectDirPath = "";
			projectRoot = "";
			targets = (
				364873017BA37260EF589D44B6B73D21 /* PKHUD */,
				A7F7332F1050B42A501616421AC869EB /* PKHUD-PKHUDResources */,
				C5C16844A0A0E5DB11B65FC8C3602D7F /* Pods-IRemaker */,
				11D25C01CFDB26A7A317C03F23C68284 /* Pods-IRemakerFileProvider */,
				DC5C3A7662FFA04D04D29F4657D032CE /* XLPagerTabStrip */,
				EBF90A3A56D4C5830C212D000AB67BC1 /* XLPagerTabStrip-XLPagerTabStrip */,
				2AC46D4577B336F2EB99C348FA35FB25 /* YMTGetDeviceName */,
			);
		};
/* End PBXProject section */

/* Begin PBXResourcesBuildPhase section */
		0258D0E26959A3B6C2A2DBC040A6516F /* Resources */ = {
			isa = PBXResourcesBuildPhase;
			buildActionMask = 2147483647;
			files = (
				9CC97041C86D27B4554A70A88A691ACB /* ButtonCell.xib in Resources */,
			);
			runOnlyForDeploymentPostprocessing = 0;
		};
		5B614ACC95CB1C6D494B3D3BCAB1F4B5 /* Resources */ = {
			isa = PBXResourcesBuildPhase;
			buildActionMask = 2147483647;
			files = (
				D5DB1B4C5F2C42B6EC8BFFD4E814D34F /* XLPagerTabStrip.bundle in Resources */,
			);
			runOnlyForDeploymentPostprocessing = 0;
		};
		86B96FED0DDA2428795517D21216442D /* Resources */ = {
			isa = PBXResourcesBuildPhase;
			buildActionMask = 2147483647;
			files = (
				28B36CC720AC2283A32A1E2CAB1B7452 /* Images.xcassets in Resources */,
			);
			runOnlyForDeploymentPostprocessing = 0;
		};
		95D01541E1471CCA4EEFCCF3EE483EE2 /* Resources */ = {
			isa = PBXResourcesBuildPhase;
			buildActionMask = 2147483647;
			files = (
			);
			runOnlyForDeploymentPostprocessing = 0;
		};
		BE2AADF54E6E7B4B553030E9DCBA6906 /* Resources */ = {
			isa = PBXResourcesBuildPhase;
			buildActionMask = 2147483647;
			files = (
			);
			runOnlyForDeploymentPostprocessing = 0;
		};
		BFD2B8DF44ED480CC255E8767601A2A6 /* Resources */ = {
			isa = PBXResourcesBuildPhase;
			buildActionMask = 2147483647;
			files = (
			);
			runOnlyForDeploymentPostprocessing = 0;
		};
		D2D85BEE876D494CACC39E903D4E60E4 /* Resources */ = {
			isa = PBXResourcesBuildPhase;
			buildActionMask = 2147483647;
			files = (
				DC46C15A86BF1AD14BAAD0BA492C86E0 /* PKHUDResources.bundle in Resources */,
			);
			runOnlyForDeploymentPostprocessing = 0;
		};
/* End PBXResourcesBuildPhase section */

/* Begin PBXSourcesBuildPhase section */
		45BB879C0E41A6FBF612CC24EBAEAEBA /* Sources */ = {
			isa = PBXSourcesBuildPhase;
			buildActionMask = 2147483647;
			files = (
				8985CE0F706D3B10DADC8382140D9E15 /* BarPagerTabStripViewController.swift in Sources */,
				FD1CA92C7793B9E1609F95C3BCE6F80F /* BarView.swift in Sources */,
				EDD60D784D0886C464D3DC5FF51D5241 /* BaseButtonBarPagerTabStripViewController.swift in Sources */,
				DB08A61F71D37E3734AAC2651448CF06 /* ButtonBarPagerTabStripViewController.swift in Sources */,
				989B7C4162362E6946850F0CCDADF436 /* ButtonBarView.swift in Sources */,
				74323F404589C41DFDC878B8AA7C7982 /* ButtonBarViewCell.swift in Sources */,
				B3136DF78DE60B821D92B3CA94B90247 /* FXPageControl.m in Sources */,
				66AEC32E2849544C357C381D502517F9 /* IndicatorInfo.swift in Sources */,
				D14A93BCDD230341E507FEC43A11E25A /* PagerTabStripBehaviour.swift in Sources */,
				8CA7CC6B142C7D8FC27401E106BF251A /* PagerTabStripError.swift in Sources */,
				4A3B235D4A19847D382087DA1B734D67 /* PagerTabStripViewController.swift in Sources */,
				D8EB85C11E01B359338DF19EE6993A92 /* SegmentedPagerTabStripViewController.swift in Sources */,
				09B8340D1559F940BDCBF3EB1034FE9C /* SwipeDirection.swift in Sources */,
				970E65E99B5B075864E7D27CC11381F8 /* TwitterPagerTabStripViewController.swift in Sources */,
				5DA4A18E6BA3C78687047CF84E36373F /* XLPagerTabStrip-dummy.m in Sources */,
			);
			runOnlyForDeploymentPostprocessing = 0;
		};
		651599ABAD7AD512C4F5EF12C9070040 /* Sources */ = {
			isa = PBXSourcesBuildPhase;
			buildActionMask = 2147483647;
			files = (
			);
			runOnlyForDeploymentPostprocessing = 0;
		};
		ABD5854B2F0A6E58DB1CBC478167D2CD /* Sources */ = {
			isa = PBXSourcesBuildPhase;
			buildActionMask = 2147483647;
			files = (
				8A20213727F13037C336096A174ACE90 /* YMTGetDeviceName-dummy.m in Sources */,
				879FA7F2DCB92C559D6EDD5B649C9063 /* YMTGetDeviceName.swift in Sources */,
			);
			runOnlyForDeploymentPostprocessing = 0;
		};
		D97B16F260B0E9EBB73F20CAC01549FD /* Sources */ = {
			isa = PBXSourcesBuildPhase;
			buildActionMask = 2147483647;
			files = (
			);
			runOnlyForDeploymentPostprocessing = 0;
		};
		D9CEFDBD3BE6AA6FF68E4CC68048B706 /* Sources */ = {
			isa = PBXSourcesBuildPhase;
			buildActionMask = 2147483647;
			files = (
				7770B29E44311306B0244D9C77958DE7 /* FrameView.swift in Sources */,
				D9157733067F80904DE7521C94D7AFFA /* HUD.swift in Sources */,
				1D458A2B6C9EEFBA8C137142E338B4A7 /* PKHUD-dummy.m in Sources */,
				8AC487DA78C1D8E010FF73976EE4CB5E /* PKHUD.swift in Sources */,
				8338832A6E7E5A1BDF73BE5EF4736775 /* PKHUDAnimating.swift in Sources */,
				6140CA3E9F8A5597B2AD19D8AC028BBA /* PKHUDAnimation.swift in Sources */,
				CC4B95461B6C942083B9DFBDCFC21DC3 /* PKHUDAssets.swift in Sources */,
				EF225D052AEBC027CC5265D70885B396 /* PKHUDErrorView.swift in Sources */,
				E72E12FCC3911697FE8BA88D3FE15CDE /* PKHUDProgressView.swift in Sources */,
				88BC89D85E68635A949DD775D08F2E65 /* PKHUDRotatingImageView.swift in Sources */,
				DFBD6600F0DE0429FC181D6EED983337 /* PKHUDSquareBaseView.swift in Sources */,
				9FBBCB4CEAA4CA1092A0A3EFF4123284 /* PKHUDSuccessView.swift in Sources */,
				81F44261BAAEEBD6752B7A73059DB467 /* PKHUDSystemActivityIndicatorView.swift in Sources */,
				BA4C9C20730922C81F77517834381E07 /* PKHUDTextView.swift in Sources */,
				D48ACDB9951825B14A049125BF4510EE /* PKHUDWideBaseView.swift in Sources */,
				5CC966D829EC0DBE5E167B193AB28737 /* Window.swift in Sources */,
				5E2DD8F534ECEDE3289D632F22056744 /* WindowRootViewController.swift in Sources */,
			);
			runOnlyForDeploymentPostprocessing = 0;
		};
		DD42C43F190346AF595EF103C1112CDB /* Sources */ = {
			isa = PBXSourcesBuildPhase;
			buildActionMask = 2147483647;
			files = (
				5F35D6C3C5D36D1FB5A47164F968C4F5 /* Pods-IRemaker-dummy.m in Sources */,
			);
			runOnlyForDeploymentPostprocessing = 0;
		};
		EB0B3BCAC7DDD7DEDF83BBC0252B1330 /* Sources */ = {
			isa = PBXSourcesBuildPhase;
			buildActionMask = 2147483647;
			files = (
				186C603E4D2613292D71218FA75F08AB /* Pods-IRemakerFileProvider-dummy.m in Sources */,
			);
			runOnlyForDeploymentPostprocessing = 0;
		};
/* End PBXSourcesBuildPhase section */

/* Begin PBXTargetDependency section */
		10EEE3A6AACCF638E5264295F7BB1A11 /* PBXTargetDependency */ = {
			isa = PBXTargetDependency;
			name = YMTGetDeviceName;
			target = 2AC46D4577B336F2EB99C348FA35FB25 /* YMTGetDeviceName */;
			targetProxy = 6201CFA3820816CBB4BAAC494231DB7F /* PBXContainerItemProxy */;
		};
		6D5C0878876A37E650E0646BCAF686EC /* PBXTargetDependency */ = {
			isa = PBXTargetDependency;
			name = "PKHUD-PKHUDResources";
			target = A7F7332F1050B42A501616421AC869EB /* PKHUD-PKHUDResources */;
			targetProxy = 097E897FD6C581DDA3D33FF99D983113 /* PBXContainerItemProxy */;
		};
		BEE53221DB1B3D45C57B6F4AB5F77305 /* PBXTargetDependency */ = {
			isa = PBXTargetDependency;
			name = XLPagerTabStrip;
			target = DC5C3A7662FFA04D04D29F4657D032CE /* XLPagerTabStrip */;
			targetProxy = 04AF83E366C6EE40C88853C26C4165DF /* PBXContainerItemProxy */;
		};
		CC1A15492CE43E2A12343F56D982CFE9 /* PBXTargetDependency */ = {
			isa = PBXTargetDependency;
			name = PKHUD;
			target = 364873017BA37260EF589D44B6B73D21 /* PKHUD */;
			targetProxy = B25959ABA62F8EB04D24A16EEFB60249 /* PBXContainerItemProxy */;
		};
		FE143FC95E6B98035C6BA370BDB8BC8C /* PBXTargetDependency */ = {
			isa = PBXTargetDependency;
			name = "XLPagerTabStrip-XLPagerTabStrip";
			target = EBF90A3A56D4C5830C212D000AB67BC1 /* XLPagerTabStrip-XLPagerTabStrip */;
			targetProxy = E738EFDE3C18089AD2B38021B5E067E1 /* PBXContainerItemProxy */;
		};
/* End PBXTargetDependency section */

/* Begin XCBuildConfiguration section */
		079991A1BB6A94040403D4A1B90C1E76 /* Debug */ = {
			isa = XCBuildConfiguration;
			baseConfigurationReference = 355E3CBE4FBB292801319439D2499BC5 /* XLPagerTabStrip.debug.xcconfig */;
			buildSettings = {
				CONFIGURATION_BUILD_DIR = "$(BUILD_DIR)/$(CONFIGURATION)$(EFFECTIVE_PLATFORM_NAME)/XLPagerTabStrip";
				IBSC_MODULE = XLPagerTabStrip;
				INFOPLIST_FILE = "Target Support Files/XLPagerTabStrip/ResourceBundle-XLPagerTabStrip-XLPagerTabStrip-Info.plist";
				PRODUCT_NAME = XLPagerTabStrip;
				SDKROOT = iphoneos;
				SKIP_INSTALL = YES;
				TARGETED_DEVICE_FAMILY = "1,2";
				WRAPPER_EXTENSION = bundle;
			};
			name = Debug;
		};
		29616A4462394220F2C06E0CCBD58EE5 /* Release */ = {
			isa = XCBuildConfiguration;
			baseConfigurationReference = C63639FE76A6D08BF4EFB813238A34DF /* PKHUD.release.xcconfig */;
			buildSettings = {
				CONFIGURATION_BUILD_DIR = "$(BUILD_DIR)/$(CONFIGURATION)$(EFFECTIVE_PLATFORM_NAME)/PKHUD";
				IBSC_MODULE = PKHUD;
				INFOPLIST_FILE = "Target Support Files/PKHUD/ResourceBundle-PKHUDResources-PKHUD-Info.plist";
				PRODUCT_NAME = PKHUDResources;
				SDKROOT = iphoneos;
				SKIP_INSTALL = YES;
				TARGETED_DEVICE_FAMILY = "1,2";
				WRAPPER_EXTENSION = bundle;
			};
			name = Release;
		};
		2C3F148C31D5370A42E43C11A22B70EE /* Release */ = {
			isa = XCBuildConfiguration;
			baseConfigurationReference = B22B39CF7A7E2C83AB1FFABE9F709EE8 /* XLPagerTabStrip.release.xcconfig */;
			buildSettings = {
				CONFIGURATION_BUILD_DIR = "$(BUILD_DIR)/$(CONFIGURATION)$(EFFECTIVE_PLATFORM_NAME)/XLPagerTabStrip";
				IBSC_MODULE = XLPagerTabStrip;
				INFOPLIST_FILE = "Target Support Files/XLPagerTabStrip/ResourceBundle-XLPagerTabStrip-XLPagerTabStrip-Info.plist";
				PRODUCT_NAME = XLPagerTabStrip;
				SDKROOT = iphoneos;
				SKIP_INSTALL = YES;
				TARGETED_DEVICE_FAMILY = "1,2";
				WRAPPER_EXTENSION = bundle;
			};
			name = Release;
		};
		3BD85DD9A41F80AC09963CAAF3A8AEDE /* Debug */ = {
			isa = XCBuildConfiguration;
			baseConfigurationReference = A32D404D822A74001D97FEB7F549EEE2 /* PKHUD.debug.xcconfig */;
			buildSettings = {
				"CODE_SIGN_IDENTITY[sdk=appletvos*]" = "";
				"CODE_SIGN_IDENTITY[sdk=iphoneos*]" = "";
				"CODE_SIGN_IDENTITY[sdk=watchos*]" = "";
				CURRENT_PROJECT_VERSION = 1;
				DEFINES_MODULE = YES;
				DYLIB_COMPATIBILITY_VERSION = 1;
				DYLIB_CURRENT_VERSION = 1;
				DYLIB_INSTALL_NAME_BASE = "@rpath";
				GCC_PREFIX_HEADER = "Target Support Files/PKHUD/PKHUD-prefix.pch";
				INFOPLIST_FILE = "Target Support Files/PKHUD/PKHUD-Info.plist";
				INSTALL_PATH = "$(LOCAL_LIBRARY_DIR)/Frameworks";
				LD_RUNPATH_SEARCH_PATHS = (
					"$(inherited)",
					"@executable_path/Frameworks",
					"@loader_path/Frameworks",
				);
				MODULEMAP_FILE = "Target Support Files/PKHUD/PKHUD.modulemap";
				PRODUCT_MODULE_NAME = PKHUD;
				PRODUCT_NAME = PKHUD;
				SDKROOT = iphoneos;
				SKIP_INSTALL = YES;
				SWIFT_ACTIVE_COMPILATION_CONDITIONS = "$(inherited) ";
				SWIFT_VERSION = 5.0;
				TARGETED_DEVICE_FAMILY = "1,2";
				VERSIONING_SYSTEM = "apple-generic";
				VERSION_INFO_PREFIX = "";
			};
			name = Debug;
		};
		56FD7D5E25BAF88DF880BDDFE1457353 /* Release */ = {
			isa = XCBuildConfiguration;
			baseConfigurationReference = B22B39CF7A7E2C83AB1FFABE9F709EE8 /* XLPagerTabStrip.release.xcconfig */;
			buildSettings = {
				"CODE_SIGN_IDENTITY[sdk=appletvos*]" = "";
				"CODE_SIGN_IDENTITY[sdk=iphoneos*]" = "";
				"CODE_SIGN_IDENTITY[sdk=watchos*]" = "";
				CURRENT_PROJECT_VERSION = 1;
				DEFINES_MODULE = YES;
				DYLIB_COMPATIBILITY_VERSION = 1;
				DYLIB_CURRENT_VERSION = 1;
				DYLIB_INSTALL_NAME_BASE = "@rpath";
				GCC_PREFIX_HEADER = "Target Support Files/XLPagerTabStrip/XLPagerTabStrip-prefix.pch";
				INFOPLIST_FILE = "Target Support Files/XLPagerTabStrip/XLPagerTabStrip-Info.plist";
				INSTALL_PATH = "$(LOCAL_LIBRARY_DIR)/Frameworks";
				LD_RUNPATH_SEARCH_PATHS = (
					"$(inherited)",
					"@executable_path/Frameworks",
					"@loader_path/Frameworks",
				);
				MODULEMAP_FILE = "Target Support Files/XLPagerTabStrip/XLPagerTabStrip.modulemap";
				PRODUCT_MODULE_NAME = XLPagerTabStrip;
				PRODUCT_NAME = XLPagerTabStrip;
				SDKROOT = iphoneos;
				SKIP_INSTALL = YES;
				SWIFT_ACTIVE_COMPILATION_CONDITIONS = "$(inherited) ";
				SWIFT_VERSION = 5.0;
				TARGETED_DEVICE_FAMILY = "1,2";
				VALIDATE_PRODUCT = YES;
				VERSIONING_SYSTEM = "apple-generic";
				VERSION_INFO_PREFIX = "";
			};
			name = Release;
		};
		578E71C3A3BC291EA86FE1B03C2D6DE6 /* AdHoc */ = {
			isa = XCBuildConfiguration;
			baseConfigurationReference = 83B5A04196E2E8C8A9B52A46E5881672 /* YMTGetDeviceName.release.xcconfig */;
			buildSettings = {
				"CODE_SIGN_IDENTITY[sdk=appletvos*]" = "";
				"CODE_SIGN_IDENTITY[sdk=iphoneos*]" = "";
				"CODE_SIGN_IDENTITY[sdk=watchos*]" = "";
				CURRENT_PROJECT_VERSION = 1;
				DEFINES_MODULE = YES;
				DYLIB_COMPATIBILITY_VERSION = 1;
				DYLIB_CURRENT_VERSION = 1;
				DYLIB_INSTALL_NAME_BASE = "@rpath";
				GCC_PREFIX_HEADER = "Target Support Files/YMTGetDeviceName/YMTGetDeviceName-prefix.pch";
				INFOPLIST_FILE = "Target Support Files/YMTGetDeviceName/YMTGetDeviceName-Info.plist";
				INSTALL_PATH = "$(LOCAL_LIBRARY_DIR)/Frameworks";
				LD_RUNPATH_SEARCH_PATHS = (
					"$(inherited)",
					"@executable_path/Frameworks",
					"@loader_path/Frameworks",
				);
				MODULEMAP_FILE = "Target Support Files/YMTGetDeviceName/YMTGetDeviceName.modulemap";
				PRODUCT_MODULE_NAME = YMTGetDeviceName;
				PRODUCT_NAME = YMTGetDeviceName;
				SDKROOT = iphoneos;
				SKIP_INSTALL = YES;
				SWIFT_ACTIVE_COMPILATION_CONDITIONS = "$(inherited) ";
				SWIFT_VERSION = 5.2;
				TARGETED_DEVICE_FAMILY = "1,2";
				VALIDATE_PRODUCT = YES;
				VERSIONING_SYSTEM = "apple-generic";
				VERSION_INFO_PREFIX = "";
			};
			name = AdHoc;
		};
		59F7A45ADA8DF9F4E50B7825444E195B /* AdHoc */ = {
			isa = XCBuildConfiguration;
			baseConfigurationReference = 8E0B700BD4B3FE95D3E21509A20CD2A1 /* Pods-IRemaker.adhoc.xcconfig */;
			buildSettings = {
				ALWAYS_EMBED_SWIFT_STANDARD_LIBRARIES = NO;
				CLANG_ENABLE_OBJC_WEAK = NO;
				"CODE_SIGN_IDENTITY[sdk=appletvos*]" = "";
				"CODE_SIGN_IDENTITY[sdk=iphoneos*]" = "";
				"CODE_SIGN_IDENTITY[sdk=watchos*]" = "";
				CURRENT_PROJECT_VERSION = 1;
				DEFINES_MODULE = YES;
				DYLIB_COMPATIBILITY_VERSION = 1;
				DYLIB_CURRENT_VERSION = 1;
				DYLIB_INSTALL_NAME_BASE = "@rpath";
				INFOPLIST_FILE = "Target Support Files/Pods-IRemaker/Pods-IRemaker-Info.plist";
				INSTALL_PATH = "$(LOCAL_LIBRARY_DIR)/Frameworks";
				LD_RUNPATH_SEARCH_PATHS = (
					"$(inherited)",
					"@executable_path/Frameworks",
					"@loader_path/Frameworks",
				);
				MACH_O_TYPE = staticlib;
				MODULEMAP_FILE = "Target Support Files/Pods-IRemaker/Pods-IRemaker.modulemap";
				OTHER_LDFLAGS = "";
				OTHER_LIBTOOLFLAGS = "";
				PODS_ROOT = "$(SRCROOT)";
				PRODUCT_BUNDLE_IDENTIFIER = "org.cocoapods.${PRODUCT_NAME:rfc1034identifier}";
				PRODUCT_NAME = "$(TARGET_NAME:c99extidentifier)";
				SDKROOT = iphoneos;
				SKIP_INSTALL = YES;
				TARGETED_DEVICE_FAMILY = "1,2";
				VALIDATE_PRODUCT = YES;
				VERSIONING_SYSTEM = "apple-generic";
				VERSION_INFO_PREFIX = "";
			};
			name = AdHoc;
		};
		5B37660C04CC9FA63D75BAE5DCE0FCDA /* Release */ = {
			isa = XCBuildConfiguration;
			baseConfigurationReference = 0948EE0A4F2601F7A574242983467C6B /* Pods-IRemakerFileProvider.release.xcconfig */;
			buildSettings = {
				ALWAYS_EMBED_SWIFT_STANDARD_LIBRARIES = NO;
				CLANG_ENABLE_OBJC_WEAK = NO;
				"CODE_SIGN_IDENTITY[sdk=appletvos*]" = "";
				"CODE_SIGN_IDENTITY[sdk=iphoneos*]" = "";
				"CODE_SIGN_IDENTITY[sdk=watchos*]" = "";
				CURRENT_PROJECT_VERSION = 1;
				DEFINES_MODULE = YES;
				DYLIB_COMPATIBILITY_VERSION = 1;
				DYLIB_CURRENT_VERSION = 1;
				DYLIB_INSTALL_NAME_BASE = "@rpath";
				INFOPLIST_FILE = "Target Support Files/Pods-IRemakerFileProvider/Pods-IRemakerFileProvider-Info.plist";
				INSTALL_PATH = "$(LOCAL_LIBRARY_DIR)/Frameworks";
				LD_RUNPATH_SEARCH_PATHS = (
					"$(inherited)",
					"@executable_path/Frameworks",
					"@loader_path/Frameworks",
				);
				MACH_O_TYPE = staticlib;
				MODULEMAP_FILE = "Target Support Files/Pods-IRemakerFileProvider/Pods-IRemakerFileProvider.modulemap";
				OTHER_LDFLAGS = "";
				OTHER_LIBTOOLFLAGS = "";
				PODS_ROOT = "$(SRCROOT)";
				PRODUCT_BUNDLE_IDENTIFIER = "org.cocoapods.${PRODUCT_NAME:rfc1034identifier}";
				PRODUCT_NAME = "$(TARGET_NAME:c99extidentifier)";
				SDKROOT = iphoneos;
				SKIP_INSTALL = YES;
				TARGETED_DEVICE_FAMILY = "1,2";
				VALIDATE_PRODUCT = YES;
				VERSIONING_SYSTEM = "apple-generic";
				VERSION_INFO_PREFIX = "";
			};
			name = Release;
		};
		5E5094AFE4E6544F173BDA28C0250E15 /* Debug */ = {
			isa = XCBuildConfiguration;
			baseConfigurationReference = C75DFEA334A730BBB3A7CA7E2870912A /* YMTGetDeviceName.debug.xcconfig */;
			buildSettings = {
				"CODE_SIGN_IDENTITY[sdk=appletvos*]" = "";
				"CODE_SIGN_IDENTITY[sdk=iphoneos*]" = "";
				"CODE_SIGN_IDENTITY[sdk=watchos*]" = "";
				CURRENT_PROJECT_VERSION = 1;
				DEFINES_MODULE = YES;
				DYLIB_COMPATIBILITY_VERSION = 1;
				DYLIB_CURRENT_VERSION = 1;
				DYLIB_INSTALL_NAME_BASE = "@rpath";
				GCC_PREFIX_HEADER = "Target Support Files/YMTGetDeviceName/YMTGetDeviceName-prefix.pch";
				INFOPLIST_FILE = "Target Support Files/YMTGetDeviceName/YMTGetDeviceName-Info.plist";
				INSTALL_PATH = "$(LOCAL_LIBRARY_DIR)/Frameworks";
				LD_RUNPATH_SEARCH_PATHS = (
					"$(inherited)",
					"@executable_path/Frameworks",
					"@loader_path/Frameworks",
				);
				MODULEMAP_FILE = "Target Support Files/YMTGetDeviceName/YMTGetDeviceName.modulemap";
				PRODUCT_MODULE_NAME = YMTGetDeviceName;
				PRODUCT_NAME = YMTGetDeviceName;
				SDKROOT = iphoneos;
				SKIP_INSTALL = YES;
				SWIFT_ACTIVE_COMPILATION_CONDITIONS = "$(inherited) ";
				SWIFT_VERSION = 5.2;
				TARGETED_DEVICE_FAMILY = "1,2";
				VERSIONING_SYSTEM = "apple-generic";
				VERSION_INFO_PREFIX = "";
			};
			name = Debug;
		};
		61462A9C3F08E824AF4872108AAABF74 /* AdHoc */ = {
			isa = XCBuildConfiguration;
			buildSettings = {
				ALWAYS_SEARCH_USER_PATHS = NO;
				CLANG_ANALYZER_LOCALIZABILITY_NONLOCALIZED = YES;
				CLANG_ANALYZER_NONNULL = YES;
				CLANG_ANALYZER_NUMBER_OBJECT_CONVERSION = YES_AGGRESSIVE;
				CLANG_CXX_LANGUAGE_STANDARD = "gnu++14";
				CLANG_CXX_LIBRARY = "libc++";
				CLANG_ENABLE_MODULES = YES;
				CLANG_ENABLE_OBJC_ARC = YES;
				CLANG_ENABLE_OBJC_WEAK = YES;
				CLANG_WARN_BLOCK_CAPTURE_AUTORELEASING = YES;
				CLANG_WARN_BOOL_CONVERSION = YES;
				CLANG_WARN_COMMA = YES;
				CLANG_WARN_CONSTANT_CONVERSION = YES;
				CLANG_WARN_DEPRECATED_OBJC_IMPLEMENTATIONS = YES;
				CLANG_WARN_DIRECT_OBJC_ISA_USAGE = YES_ERROR;
				CLANG_WARN_DOCUMENTATION_COMMENTS = YES;
				CLANG_WARN_EMPTY_BODY = YES;
				CLANG_WARN_ENUM_CONVERSION = YES;
				CLANG_WARN_INFINITE_RECURSION = YES;
				CLANG_WARN_INT_CONVERSION = YES;
				CLANG_WARN_NON_LITERAL_NULL_CONVERSION = YES;
				CLANG_WARN_OBJC_IMPLICIT_RETAIN_SELF = YES;
				CLANG_WARN_OBJC_LITERAL_CONVERSION = YES;
				CLANG_WARN_OBJC_ROOT_CLASS = YES_ERROR;
				CLANG_WARN_QUOTED_INCLUDE_IN_FRAMEWORK_HEADER = YES;
				CLANG_WARN_RANGE_LOOP_ANALYSIS = YES;
				CLANG_WARN_STRICT_PROTOTYPES = YES;
				CLANG_WARN_SUSPICIOUS_MOVE = YES;
				CLANG_WARN_UNGUARDED_AVAILABILITY = YES_AGGRESSIVE;
				CLANG_WARN_UNREACHABLE_CODE = YES;
				CLANG_WARN__DUPLICATE_METHOD_MATCH = YES;
				COPY_PHASE_STRIP = NO;
				DEBUG_INFORMATION_FORMAT = "dwarf-with-dsym";
				ENABLE_NS_ASSERTIONS = NO;
				ENABLE_STRICT_OBJC_MSGSEND = YES;
				GCC_C_LANGUAGE_STANDARD = gnu11;
				GCC_NO_COMMON_BLOCKS = YES;
				GCC_PREPROCESSOR_DEFINITIONS = (
					"POD_CONFIGURATION_AD_HOC=1",
					"$(inherited)",
				);
				GCC_WARN_64_TO_32_BIT_CONVERSION = YES;
				GCC_WARN_ABOUT_RETURN_TYPE = YES_ERROR;
				GCC_WARN_UNDECLARED_SELECTOR = YES;
				GCC_WARN_UNINITIALIZED_AUTOS = YES_AGGRESSIVE;
				GCC_WARN_UNUSED_FUNCTION = YES;
				GCC_WARN_UNUSED_VARIABLE = YES;
				IPHONEOS_DEPLOYMENT_TARGET = 11.0;
				MTL_ENABLE_DEBUG_INFO = NO;
				MTL_FAST_MATH = YES;
				PRODUCT_NAME = "$(TARGET_NAME)";
				STRIP_INSTALLED_PRODUCT = NO;
				SWIFT_COMPILATION_MODE = wholemodule;
				SWIFT_OPTIMIZATION_LEVEL = "-O";
				SWIFT_VERSION = 5.0;
				SYMROOT = "${SRCROOT}/../build";
			};
			name = AdHoc;
		};
		621FAAE9210A64B63EF288D16107F437 /* Release */ = {
			isa = XCBuildConfiguration;
			baseConfigurationReference = 7842657B0162EBC35217B87BE114239C /* Pods-IRemaker.release.xcconfig */;
			buildSettings = {
				ALWAYS_EMBED_SWIFT_STANDARD_LIBRARIES = NO;
				CLANG_ENABLE_OBJC_WEAK = NO;
				"CODE_SIGN_IDENTITY[sdk=appletvos*]" = "";
				"CODE_SIGN_IDENTITY[sdk=iphoneos*]" = "";
				"CODE_SIGN_IDENTITY[sdk=watchos*]" = "";
				CURRENT_PROJECT_VERSION = 1;
				DEFINES_MODULE = YES;
				DYLIB_COMPATIBILITY_VERSION = 1;
				DYLIB_CURRENT_VERSION = 1;
				DYLIB_INSTALL_NAME_BASE = "@rpath";
				INFOPLIST_FILE = "Target Support Files/Pods-IRemaker/Pods-IRemaker-Info.plist";
				INSTALL_PATH = "$(LOCAL_LIBRARY_DIR)/Frameworks";
				LD_RUNPATH_SEARCH_PATHS = (
					"$(inherited)",
					"@executable_path/Frameworks",
					"@loader_path/Frameworks",
				);
				MACH_O_TYPE = staticlib;
				MODULEMAP_FILE = "Target Support Files/Pods-IRemaker/Pods-IRemaker.modulemap";
				OTHER_LDFLAGS = "";
				OTHER_LIBTOOLFLAGS = "";
				PODS_ROOT = "$(SRCROOT)";
				PRODUCT_BUNDLE_IDENTIFIER = "org.cocoapods.${PRODUCT_NAME:rfc1034identifier}";
				PRODUCT_NAME = "$(TARGET_NAME:c99extidentifier)";
				SDKROOT = iphoneos;
				SKIP_INSTALL = YES;
				TARGETED_DEVICE_FAMILY = "1,2";
				VALIDATE_PRODUCT = YES;
				VERSIONING_SYSTEM = "apple-generic";
				VERSION_INFO_PREFIX = "";
			};
			name = Release;
		};
		77B8E82E50AC5E51857707798CDFA9D6 /* AdHoc */ = {
			isa = XCBuildConfiguration;
			baseConfigurationReference = B22B39CF7A7E2C83AB1FFABE9F709EE8 /* XLPagerTabStrip.release.xcconfig */;
			buildSettings = {
				"CODE_SIGN_IDENTITY[sdk=appletvos*]" = "";
				"CODE_SIGN_IDENTITY[sdk=iphoneos*]" = "";
				"CODE_SIGN_IDENTITY[sdk=watchos*]" = "";
				CURRENT_PROJECT_VERSION = 1;
				DEFINES_MODULE = YES;
				DYLIB_COMPATIBILITY_VERSION = 1;
				DYLIB_CURRENT_VERSION = 1;
				DYLIB_INSTALL_NAME_BASE = "@rpath";
				GCC_PREFIX_HEADER = "Target Support Files/XLPagerTabStrip/XLPagerTabStrip-prefix.pch";
				INFOPLIST_FILE = "Target Support Files/XLPagerTabStrip/XLPagerTabStrip-Info.plist";
				INSTALL_PATH = "$(LOCAL_LIBRARY_DIR)/Frameworks";
				LD_RUNPATH_SEARCH_PATHS = (
					"$(inherited)",
					"@executable_path/Frameworks",
					"@loader_path/Frameworks",
				);
				MODULEMAP_FILE = "Target Support Files/XLPagerTabStrip/XLPagerTabStrip.modulemap";
				PRODUCT_MODULE_NAME = XLPagerTabStrip;
				PRODUCT_NAME = XLPagerTabStrip;
				SDKROOT = iphoneos;
				SKIP_INSTALL = YES;
				SWIFT_ACTIVE_COMPILATION_CONDITIONS = "$(inherited) ";
				SWIFT_VERSION = 5.0;
				TARGETED_DEVICE_FAMILY = "1,2";
				VALIDATE_PRODUCT = YES;
				VERSIONING_SYSTEM = "apple-generic";
				VERSION_INFO_PREFIX = "";
			};
			name = AdHoc;
		};
		7A6333C77C38D033434587E73125B9DB /* AdHoc */ = {
			isa = XCBuildConfiguration;
			baseConfigurationReference = B52210C81538E3A8AE2CC11A048BCFC6 /* Pods-IRemakerFileProvider.adhoc.xcconfig */;
			buildSettings = {
				ALWAYS_EMBED_SWIFT_STANDARD_LIBRARIES = NO;
				CLANG_ENABLE_OBJC_WEAK = NO;
				"CODE_SIGN_IDENTITY[sdk=appletvos*]" = "";
				"CODE_SIGN_IDENTITY[sdk=iphoneos*]" = "";
				"CODE_SIGN_IDENTITY[sdk=watchos*]" = "";
				CURRENT_PROJECT_VERSION = 1;
				DEFINES_MODULE = YES;
				DYLIB_COMPATIBILITY_VERSION = 1;
				DYLIB_CURRENT_VERSION = 1;
				DYLIB_INSTALL_NAME_BASE = "@rpath";
				INFOPLIST_FILE = "Target Support Files/Pods-IRemakerFileProvider/Pods-IRemakerFileProvider-Info.plist";
				INSTALL_PATH = "$(LOCAL_LIBRARY_DIR)/Frameworks";
				LD_RUNPATH_SEARCH_PATHS = (
					"$(inherited)",
					"@executable_path/Frameworks",
					"@loader_path/Frameworks",
				);
				MACH_O_TYPE = staticlib;
				MODULEMAP_FILE = "Target Support Files/Pods-IRemakerFileProvider/Pods-IRemakerFileProvider.modulemap";
				OTHER_LDFLAGS = "";
				OTHER_LIBTOOLFLAGS = "";
				PODS_ROOT = "$(SRCROOT)";
				PRODUCT_BUNDLE_IDENTIFIER = "org.cocoapods.${PRODUCT_NAME:rfc1034identifier}";
				PRODUCT_NAME = "$(TARGET_NAME:c99extidentifier)";
				SDKROOT = iphoneos;
				SKIP_INSTALL = YES;
				TARGETED_DEVICE_FAMILY = "1,2";
				VALIDATE_PRODUCT = YES;
				VERSIONING_SYSTEM = "apple-generic";
				VERSION_INFO_PREFIX = "";
			};
			name = AdHoc;
		};
		7B10FEFB1949854657EEEBE1E69AA682 /* AdHoc */ = {
			isa = XCBuildConfiguration;
			baseConfigurationReference = C63639FE76A6D08BF4EFB813238A34DF /* PKHUD.release.xcconfig */;
			buildSettings = {
				"CODE_SIGN_IDENTITY[sdk=appletvos*]" = "";
				"CODE_SIGN_IDENTITY[sdk=iphoneos*]" = "";
				"CODE_SIGN_IDENTITY[sdk=watchos*]" = "";
				CURRENT_PROJECT_VERSION = 1;
				DEFINES_MODULE = YES;
				DYLIB_COMPATIBILITY_VERSION = 1;
				DYLIB_CURRENT_VERSION = 1;
				DYLIB_INSTALL_NAME_BASE = "@rpath";
				GCC_PREFIX_HEADER = "Target Support Files/PKHUD/PKHUD-prefix.pch";
				INFOPLIST_FILE = "Target Support Files/PKHUD/PKHUD-Info.plist";
				INSTALL_PATH = "$(LOCAL_LIBRARY_DIR)/Frameworks";
				LD_RUNPATH_SEARCH_PATHS = (
					"$(inherited)",
					"@executable_path/Frameworks",
					"@loader_path/Frameworks",
				);
				MODULEMAP_FILE = "Target Support Files/PKHUD/PKHUD.modulemap";
				PRODUCT_MODULE_NAME = PKHUD;
				PRODUCT_NAME = PKHUD;
				SDKROOT = iphoneos;
				SKIP_INSTALL = YES;
				SWIFT_ACTIVE_COMPILATION_CONDITIONS = "$(inherited) ";
				SWIFT_VERSION = 5.0;
				TARGETED_DEVICE_FAMILY = "1,2";
				VALIDATE_PRODUCT = YES;
				VERSIONING_SYSTEM = "apple-generic";
				VERSION_INFO_PREFIX = "";
			};
			name = AdHoc;
		};
		8C1A7D1B91FB0F6E44ADD5A9DF485650 /* Debug */ = {
			isa = XCBuildConfiguration;
			baseConfigurationReference = FBEC4FF6650A6CC26DD88678AAD72D6A /* Pods-IRemaker.debug.xcconfig */;
			buildSettings = {
				ALWAYS_EMBED_SWIFT_STANDARD_LIBRARIES = NO;
				CLANG_ENABLE_OBJC_WEAK = NO;
				"CODE_SIGN_IDENTITY[sdk=appletvos*]" = "";
				"CODE_SIGN_IDENTITY[sdk=iphoneos*]" = "";
				"CODE_SIGN_IDENTITY[sdk=watchos*]" = "";
				CURRENT_PROJECT_VERSION = 1;
				DEFINES_MODULE = YES;
				DYLIB_COMPATIBILITY_VERSION = 1;
				DYLIB_CURRENT_VERSION = 1;
				DYLIB_INSTALL_NAME_BASE = "@rpath";
				INFOPLIST_FILE = "Target Support Files/Pods-IRemaker/Pods-IRemaker-Info.plist";
				INSTALL_PATH = "$(LOCAL_LIBRARY_DIR)/Frameworks";
				LD_RUNPATH_SEARCH_PATHS = (
					"$(inherited)",
					"@executable_path/Frameworks",
					"@loader_path/Frameworks",
				);
				MACH_O_TYPE = staticlib;
				MODULEMAP_FILE = "Target Support Files/Pods-IRemaker/Pods-IRemaker.modulemap";
				OTHER_LDFLAGS = "";
				OTHER_LIBTOOLFLAGS = "";
				PODS_ROOT = "$(SRCROOT)";
				PRODUCT_BUNDLE_IDENTIFIER = "org.cocoapods.${PRODUCT_NAME:rfc1034identifier}";
				PRODUCT_NAME = "$(TARGET_NAME:c99extidentifier)";
				SDKROOT = iphoneos;
				SKIP_INSTALL = YES;
				TARGETED_DEVICE_FAMILY = "1,2";
				VERSIONING_SYSTEM = "apple-generic";
				VERSION_INFO_PREFIX = "";
			};
			name = Debug;
		};
		903A0004D3E6651EFD5D2E16214D101B /* Release */ = {
			isa = XCBuildConfiguration;
			buildSettings = {
				ALWAYS_SEARCH_USER_PATHS = NO;
				CLANG_ANALYZER_LOCALIZABILITY_NONLOCALIZED = YES;
				CLANG_ANALYZER_NONNULL = YES;
				CLANG_ANALYZER_NUMBER_OBJECT_CONVERSION = YES_AGGRESSIVE;
				CLANG_CXX_LANGUAGE_STANDARD = "gnu++14";
				CLANG_CXX_LIBRARY = "libc++";
				CLANG_ENABLE_MODULES = YES;
				CLANG_ENABLE_OBJC_ARC = YES;
				CLANG_ENABLE_OBJC_WEAK = YES;
				CLANG_WARN_BLOCK_CAPTURE_AUTORELEASING = YES;
				CLANG_WARN_BOOL_CONVERSION = YES;
				CLANG_WARN_COMMA = YES;
				CLANG_WARN_CONSTANT_CONVERSION = YES;
				CLANG_WARN_DEPRECATED_OBJC_IMPLEMENTATIONS = YES;
				CLANG_WARN_DIRECT_OBJC_ISA_USAGE = YES_ERROR;
				CLANG_WARN_DOCUMENTATION_COMMENTS = YES;
				CLANG_WARN_EMPTY_BODY = YES;
				CLANG_WARN_ENUM_CONVERSION = YES;
				CLANG_WARN_INFINITE_RECURSION = YES;
				CLANG_WARN_INT_CONVERSION = YES;
				CLANG_WARN_NON_LITERAL_NULL_CONVERSION = YES;
				CLANG_WARN_OBJC_IMPLICIT_RETAIN_SELF = YES;
				CLANG_WARN_OBJC_LITERAL_CONVERSION = YES;
				CLANG_WARN_OBJC_ROOT_CLASS = YES_ERROR;
				CLANG_WARN_QUOTED_INCLUDE_IN_FRAMEWORK_HEADER = YES;
				CLANG_WARN_RANGE_LOOP_ANALYSIS = YES;
				CLANG_WARN_STRICT_PROTOTYPES = YES;
				CLANG_WARN_SUSPICIOUS_MOVE = YES;
				CLANG_WARN_UNGUARDED_AVAILABILITY = YES_AGGRESSIVE;
				CLANG_WARN_UNREACHABLE_CODE = YES;
				CLANG_WARN__DUPLICATE_METHOD_MATCH = YES;
				COPY_PHASE_STRIP = NO;
				DEBUG_INFORMATION_FORMAT = "dwarf-with-dsym";
				ENABLE_NS_ASSERTIONS = NO;
				ENABLE_STRICT_OBJC_MSGSEND = YES;
				GCC_C_LANGUAGE_STANDARD = gnu11;
				GCC_NO_COMMON_BLOCKS = YES;
				GCC_PREPROCESSOR_DEFINITIONS = (
					"POD_CONFIGURATION_RELEASE=1",
					"$(inherited)",
				);
				GCC_WARN_64_TO_32_BIT_CONVERSION = YES;
				GCC_WARN_ABOUT_RETURN_TYPE = YES_ERROR;
				GCC_WARN_UNDECLARED_SELECTOR = YES;
				GCC_WARN_UNINITIALIZED_AUTOS = YES_AGGRESSIVE;
				GCC_WARN_UNUSED_FUNCTION = YES;
				GCC_WARN_UNUSED_VARIABLE = YES;
				IPHONEOS_DEPLOYMENT_TARGET = 11.0;
				MTL_ENABLE_DEBUG_INFO = NO;
				MTL_FAST_MATH = YES;
				PRODUCT_NAME = "$(TARGET_NAME)";
				STRIP_INSTALLED_PRODUCT = NO;
				SWIFT_COMPILATION_MODE = wholemodule;
				SWIFT_OPTIMIZATION_LEVEL = "-O";
				SWIFT_VERSION = 5.0;
				SYMROOT = "${SRCROOT}/../build";
			};
			name = Release;
		};
		9BA37E2003695912FDF4CB0380149483 /* Debug */ = {
			isa = XCBuildConfiguration;
			baseConfigurationReference = A32D404D822A74001D97FEB7F549EEE2 /* PKHUD.debug.xcconfig */;
			buildSettings = {
				CONFIGURATION_BUILD_DIR = "$(BUILD_DIR)/$(CONFIGURATION)$(EFFECTIVE_PLATFORM_NAME)/PKHUD";
				IBSC_MODULE = PKHUD;
				INFOPLIST_FILE = "Target Support Files/PKHUD/ResourceBundle-PKHUDResources-PKHUD-Info.plist";
				PRODUCT_NAME = PKHUDResources;
				SDKROOT = iphoneos;
				SKIP_INSTALL = YES;
				TARGETED_DEVICE_FAMILY = "1,2";
				WRAPPER_EXTENSION = bundle;
			};
			name = Debug;
		};
		B4EFE046ACF8F37157F6E322C7FCFC28 /* Debug */ = {
			isa = XCBuildConfiguration;
			buildSettings = {
				ALWAYS_SEARCH_USER_PATHS = NO;
				CLANG_ANALYZER_LOCALIZABILITY_NONLOCALIZED = YES;
				CLANG_ANALYZER_NONNULL = YES;
				CLANG_ANALYZER_NUMBER_OBJECT_CONVERSION = YES_AGGRESSIVE;
				CLANG_CXX_LANGUAGE_STANDARD = "gnu++14";
				CLANG_CXX_LIBRARY = "libc++";
				CLANG_ENABLE_MODULES = YES;
				CLANG_ENABLE_OBJC_ARC = YES;
				CLANG_ENABLE_OBJC_WEAK = YES;
				CLANG_WARN_BLOCK_CAPTURE_AUTORELEASING = YES;
				CLANG_WARN_BOOL_CONVERSION = YES;
				CLANG_WARN_COMMA = YES;
				CLANG_WARN_CONSTANT_CONVERSION = YES;
				CLANG_WARN_DEPRECATED_OBJC_IMPLEMENTATIONS = YES;
				CLANG_WARN_DIRECT_OBJC_ISA_USAGE = YES_ERROR;
				CLANG_WARN_DOCUMENTATION_COMMENTS = YES;
				CLANG_WARN_EMPTY_BODY = YES;
				CLANG_WARN_ENUM_CONVERSION = YES;
				CLANG_WARN_INFINITE_RECURSION = YES;
				CLANG_WARN_INT_CONVERSION = YES;
				CLANG_WARN_NON_LITERAL_NULL_CONVERSION = YES;
				CLANG_WARN_OBJC_IMPLICIT_RETAIN_SELF = YES;
				CLANG_WARN_OBJC_LITERAL_CONVERSION = YES;
				CLANG_WARN_OBJC_ROOT_CLASS = YES_ERROR;
				CLANG_WARN_QUOTED_INCLUDE_IN_FRAMEWORK_HEADER = YES;
				CLANG_WARN_RANGE_LOOP_ANALYSIS = YES;
				CLANG_WARN_STRICT_PROTOTYPES = YES;
				CLANG_WARN_SUSPICIOUS_MOVE = YES;
				CLANG_WARN_UNGUARDED_AVAILABILITY = YES_AGGRESSIVE;
				CLANG_WARN_UNREACHABLE_CODE = YES;
				CLANG_WARN__DUPLICATE_METHOD_MATCH = YES;
				COPY_PHASE_STRIP = NO;
				DEBUG_INFORMATION_FORMAT = dwarf;
				ENABLE_STRICT_OBJC_MSGSEND = YES;
				ENABLE_TESTABILITY = YES;
				GCC_C_LANGUAGE_STANDARD = gnu11;
				GCC_DYNAMIC_NO_PIC = NO;
				GCC_NO_COMMON_BLOCKS = YES;
				GCC_OPTIMIZATION_LEVEL = 0;
				GCC_PREPROCESSOR_DEFINITIONS = (
					"POD_CONFIGURATION_DEBUG=1",
					"DEBUG=1",
					"$(inherited)",
				);
				GCC_WARN_64_TO_32_BIT_CONVERSION = YES;
				GCC_WARN_ABOUT_RETURN_TYPE = YES_ERROR;
				GCC_WARN_UNDECLARED_SELECTOR = YES;
				GCC_WARN_UNINITIALIZED_AUTOS = YES_AGGRESSIVE;
				GCC_WARN_UNUSED_FUNCTION = YES;
				GCC_WARN_UNUSED_VARIABLE = YES;
				IPHONEOS_DEPLOYMENT_TARGET = 11.0;
				MTL_ENABLE_DEBUG_INFO = INCLUDE_SOURCE;
				MTL_FAST_MATH = YES;
				ONLY_ACTIVE_ARCH = YES;
				PRODUCT_NAME = "$(TARGET_NAME)";
				STRIP_INSTALLED_PRODUCT = NO;
				SWIFT_ACTIVE_COMPILATION_CONDITIONS = DEBUG;
				SWIFT_OPTIMIZATION_LEVEL = "-Onone";
				SWIFT_VERSION = 5.0;
				SYMROOT = "${SRCROOT}/../build";
			};
			name = Debug;
		};
		B54A3F398BB4D94F24F271F961178655 /* Debug */ = {
			isa = XCBuildConfiguration;
			baseConfigurationReference = 355E3CBE4FBB292801319439D2499BC5 /* XLPagerTabStrip.debug.xcconfig */;
			buildSettings = {
				"CODE_SIGN_IDENTITY[sdk=appletvos*]" = "";
				"CODE_SIGN_IDENTITY[sdk=iphoneos*]" = "";
				"CODE_SIGN_IDENTITY[sdk=watchos*]" = "";
				CURRENT_PROJECT_VERSION = 1;
				DEFINES_MODULE = YES;
				DYLIB_COMPATIBILITY_VERSION = 1;
				DYLIB_CURRENT_VERSION = 1;
				DYLIB_INSTALL_NAME_BASE = "@rpath";
				GCC_PREFIX_HEADER = "Target Support Files/XLPagerTabStrip/XLPagerTabStrip-prefix.pch";
				INFOPLIST_FILE = "Target Support Files/XLPagerTabStrip/XLPagerTabStrip-Info.plist";
				INSTALL_PATH = "$(LOCAL_LIBRARY_DIR)/Frameworks";
				LD_RUNPATH_SEARCH_PATHS = (
					"$(inherited)",
					"@executable_path/Frameworks",
					"@loader_path/Frameworks",
				);
				MODULEMAP_FILE = "Target Support Files/XLPagerTabStrip/XLPagerTabStrip.modulemap";
				PRODUCT_MODULE_NAME = XLPagerTabStrip;
				PRODUCT_NAME = XLPagerTabStrip;
				SDKROOT = iphoneos;
				SKIP_INSTALL = YES;
				SWIFT_ACTIVE_COMPILATION_CONDITIONS = "$(inherited) ";
				SWIFT_VERSION = 5.0;
				TARGETED_DEVICE_FAMILY = "1,2";
				VERSIONING_SYSTEM = "apple-generic";
				VERSION_INFO_PREFIX = "";
			};
			name = Debug;
		};
		D0485FCFD209B9737EA3091F02BDF28D /* Debug */ = {
			isa = XCBuildConfiguration;
			baseConfigurationReference = 90946A4747C1071285F592FC49E76AAC /* Pods-IRemakerFileProvider.debug.xcconfig */;
			buildSettings = {
				ALWAYS_EMBED_SWIFT_STANDARD_LIBRARIES = NO;
				CLANG_ENABLE_OBJC_WEAK = NO;
				"CODE_SIGN_IDENTITY[sdk=appletvos*]" = "";
				"CODE_SIGN_IDENTITY[sdk=iphoneos*]" = "";
				"CODE_SIGN_IDENTITY[sdk=watchos*]" = "";
				CURRENT_PROJECT_VERSION = 1;
				DEFINES_MODULE = YES;
				DYLIB_COMPATIBILITY_VERSION = 1;
				DYLIB_CURRENT_VERSION = 1;
				DYLIB_INSTALL_NAME_BASE = "@rpath";
				INFOPLIST_FILE = "Target Support Files/Pods-IRemakerFileProvider/Pods-IRemakerFileProvider-Info.plist";
				INSTALL_PATH = "$(LOCAL_LIBRARY_DIR)/Frameworks";
				LD_RUNPATH_SEARCH_PATHS = (
					"$(inherited)",
					"@executable_path/Frameworks",
					"@loader_path/Frameworks",
				);
				MACH_O_TYPE = staticlib;
				MODULEMAP_FILE = "Target Support Files/Pods-IRemakerFileProvider/Pods-IRemakerFileProvider.modulemap";
				OTHER_LDFLAGS = "";
				OTHER_LIBTOOLFLAGS = "";
				PODS_ROOT = "$(SRCROOT)";
				PRODUCT_BUNDLE_IDENTIFIER = "org.cocoapods.${PRODUCT_NAME:rfc1034identifier}";
				PRODUCT_NAME = "$(TARGET_NAME:c99extidentifier)";
				SDKROOT = iphoneos;
				SKIP_INSTALL = YES;
				TARGETED_DEVICE_FAMILY = "1,2";
				VERSIONING_SYSTEM = "apple-generic";
				VERSION_INFO_PREFIX = "";
			};
			name = Debug;
		};
		DF7DE29A1A1C655E0C1EA4BFCE7543E6 /* Release */ = {
			isa = XCBuildConfiguration;
			baseConfigurationReference = 83B5A04196E2E8C8A9B52A46E5881672 /* YMTGetDeviceName.release.xcconfig */;
			buildSettings = {
				"CODE_SIGN_IDENTITY[sdk=appletvos*]" = "";
				"CODE_SIGN_IDENTITY[sdk=iphoneos*]" = "";
				"CODE_SIGN_IDENTITY[sdk=watchos*]" = "";
				CURRENT_PROJECT_VERSION = 1;
				DEFINES_MODULE = YES;
				DYLIB_COMPATIBILITY_VERSION = 1;
				DYLIB_CURRENT_VERSION = 1;
				DYLIB_INSTALL_NAME_BASE = "@rpath";
				GCC_PREFIX_HEADER = "Target Support Files/YMTGetDeviceName/YMTGetDeviceName-prefix.pch";
				INFOPLIST_FILE = "Target Support Files/YMTGetDeviceName/YMTGetDeviceName-Info.plist";
				INSTALL_PATH = "$(LOCAL_LIBRARY_DIR)/Frameworks";
				LD_RUNPATH_SEARCH_PATHS = (
					"$(inherited)",
					"@executable_path/Frameworks",
					"@loader_path/Frameworks",
				);
				MODULEMAP_FILE = "Target Support Files/YMTGetDeviceName/YMTGetDeviceName.modulemap";
				PRODUCT_MODULE_NAME = YMTGetDeviceName;
				PRODUCT_NAME = YMTGetDeviceName;
				SDKROOT = iphoneos;
				SKIP_INSTALL = YES;
				SWIFT_ACTIVE_COMPILATION_CONDITIONS = "$(inherited) ";
				SWIFT_VERSION = 5.2;
				TARGETED_DEVICE_FAMILY = "1,2";
				VALIDATE_PRODUCT = YES;
				VERSIONING_SYSTEM = "apple-generic";
				VERSION_INFO_PREFIX = "";
			};
			name = Release;
		};
		E2F525BDCABFA4D0E985248906B2E289 /* AdHoc */ = {
			isa = XCBuildConfiguration;
			baseConfigurationReference = C63639FE76A6D08BF4EFB813238A34DF /* PKHUD.release.xcconfig */;
			buildSettings = {
				CLANG_ENABLE_OBJC_WEAK = NO;
				CONFIGURATION_BUILD_DIR = "$(BUILD_DIR)/$(CONFIGURATION)$(EFFECTIVE_PLATFORM_NAME)/PKHUD";
				IBSC_MODULE = PKHUD;
				INFOPLIST_FILE = "Target Support Files/PKHUD/ResourceBundle-PKHUDResources-PKHUD-Info.plist";
				PRODUCT_NAME = PKHUDResources;
				SDKROOT = iphoneos;
				SKIP_INSTALL = YES;
				TARGETED_DEVICE_FAMILY = "1,2";
				VALIDATE_PRODUCT = YES;
				WRAPPER_EXTENSION = bundle;
			};
			name = AdHoc;
		};
		F03FAFC2894DF4003706FE24C7FBA064 /* Release */ = {
			isa = XCBuildConfiguration;
			baseConfigurationReference = C63639FE76A6D08BF4EFB813238A34DF /* PKHUD.release.xcconfig */;
			buildSettings = {
				"CODE_SIGN_IDENTITY[sdk=appletvos*]" = "";
				"CODE_SIGN_IDENTITY[sdk=iphoneos*]" = "";
				"CODE_SIGN_IDENTITY[sdk=watchos*]" = "";
				CURRENT_PROJECT_VERSION = 1;
				DEFINES_MODULE = YES;
				DYLIB_COMPATIBILITY_VERSION = 1;
				DYLIB_CURRENT_VERSION = 1;
				DYLIB_INSTALL_NAME_BASE = "@rpath";
				GCC_PREFIX_HEADER = "Target Support Files/PKHUD/PKHUD-prefix.pch";
				INFOPLIST_FILE = "Target Support Files/PKHUD/PKHUD-Info.plist";
				INSTALL_PATH = "$(LOCAL_LIBRARY_DIR)/Frameworks";
				LD_RUNPATH_SEARCH_PATHS = (
					"$(inherited)",
					"@executable_path/Frameworks",
					"@loader_path/Frameworks",
				);
				MODULEMAP_FILE = "Target Support Files/PKHUD/PKHUD.modulemap";
				PRODUCT_MODULE_NAME = PKHUD;
				PRODUCT_NAME = PKHUD;
				SDKROOT = iphoneos;
				SKIP_INSTALL = YES;
				SWIFT_ACTIVE_COMPILATION_CONDITIONS = "$(inherited) ";
				SWIFT_VERSION = 5.0;
				TARGETED_DEVICE_FAMILY = "1,2";
				VALIDATE_PRODUCT = YES;
				VERSIONING_SYSTEM = "apple-generic";
				VERSION_INFO_PREFIX = "";
			};
			name = Release;
		};
		FBEE5EDBB08FCAF4E9C17085C33083C5 /* AdHoc */ = {
			isa = XCBuildConfiguration;
			baseConfigurationReference = B22B39CF7A7E2C83AB1FFABE9F709EE8 /* XLPagerTabStrip.release.xcconfig */;
			buildSettings = {
				CLANG_ENABLE_OBJC_WEAK = NO;
				CONFIGURATION_BUILD_DIR = "$(BUILD_DIR)/$(CONFIGURATION)$(EFFECTIVE_PLATFORM_NAME)/XLPagerTabStrip";
				IBSC_MODULE = XLPagerTabStrip;
				INFOPLIST_FILE = "Target Support Files/XLPagerTabStrip/ResourceBundle-XLPagerTabStrip-XLPagerTabStrip-Info.plist";
				PRODUCT_NAME = XLPagerTabStrip;
				SDKROOT = iphoneos;
				SKIP_INSTALL = YES;
				TARGETED_DEVICE_FAMILY = "1,2";
				VALIDATE_PRODUCT = YES;
				WRAPPER_EXTENSION = bundle;
			};
			name = AdHoc;
		};
/* End XCBuildConfiguration section */

/* Begin XCConfigurationList section */
		197A44AED36D2FDFC72D5EBBDDBFB3E5 /* Build configuration list for PBXNativeTarget "XLPagerTabStrip" */ = {
			isa = XCConfigurationList;
			buildConfigurations = (
				77B8E82E50AC5E51857707798CDFA9D6 /* AdHoc */,
				B54A3F398BB4D94F24F271F961178655 /* Debug */,
				56FD7D5E25BAF88DF880BDDFE1457353 /* Release */,
			);
			defaultConfigurationIsVisible = 0;
			defaultConfigurationName = Release;
		};
		355DAB280EC4EED366D1AC1E71B313E3 /* Build configuration list for PBXNativeTarget "YMTGetDeviceName" */ = {
			isa = XCConfigurationList;
			buildConfigurations = (
				578E71C3A3BC291EA86FE1B03C2D6DE6 /* AdHoc */,
				5E5094AFE4E6544F173BDA28C0250E15 /* Debug */,
				DF7DE29A1A1C655E0C1EA4BFCE7543E6 /* Release */,
			);
			defaultConfigurationIsVisible = 0;
			defaultConfigurationName = Release;
		};
		39607C8B9F460F11F412F10E7DAC7307 /* Build configuration list for PBXNativeTarget "Pods-IRemaker" */ = {
			isa = XCConfigurationList;
			buildConfigurations = (
				59F7A45ADA8DF9F4E50B7825444E195B /* AdHoc */,
				8C1A7D1B91FB0F6E44ADD5A9DF485650 /* Debug */,
				621FAAE9210A64B63EF288D16107F437 /* Release */,
			);
			defaultConfigurationIsVisible = 0;
			defaultConfigurationName = Release;
		};
		4821239608C13582E20E6DA73FD5F1F9 /* Build configuration list for PBXProject "Pods" */ = {
			isa = XCConfigurationList;
			buildConfigurations = (
				61462A9C3F08E824AF4872108AAABF74 /* AdHoc */,
				B4EFE046ACF8F37157F6E322C7FCFC28 /* Debug */,
				903A0004D3E6651EFD5D2E16214D101B /* Release */,
			);
			defaultConfigurationIsVisible = 0;
			defaultConfigurationName = Release;
		};
		820B99742D931FB4D57BFD86126CAB41 /* Build configuration list for PBXNativeTarget "PKHUD-PKHUDResources" */ = {
			isa = XCConfigurationList;
			buildConfigurations = (
				E2F525BDCABFA4D0E985248906B2E289 /* AdHoc */,
				9BA37E2003695912FDF4CB0380149483 /* Debug */,
				29616A4462394220F2C06E0CCBD58EE5 /* Release */,
			);
			defaultConfigurationIsVisible = 0;
			defaultConfigurationName = Release;
		};
		D11EAC2D6C1E48D4EB28F94B8F4C8D26 /* Build configuration list for PBXNativeTarget "Pods-IRemakerFileProvider" */ = {
			isa = XCConfigurationList;
			buildConfigurations = (
				7A6333C77C38D033434587E73125B9DB /* AdHoc */,
				D0485FCFD209B9737EA3091F02BDF28D /* Debug */,
				5B37660C04CC9FA63D75BAE5DCE0FCDA /* Release */,
			);
			defaultConfigurationIsVisible = 0;
			defaultConfigurationName = Release;
		};
		D923BF0715785260A5785B3ECAABE09C /* Build configuration list for PBXNativeTarget "PKHUD" */ = {
			isa = XCConfigurationList;
			buildConfigurations = (
				7B10FEFB1949854657EEEBE1E69AA682 /* AdHoc */,
				3BD85DD9A41F80AC09963CAAF3A8AEDE /* Debug */,
				F03FAFC2894DF4003706FE24C7FBA064 /* Release */,
			);
			defaultConfigurationIsVisible = 0;
			defaultConfigurationName = Release;
		};
		FE27CE95D08BBF11BC0FAA7672839A56 /* Build configuration list for PBXNativeTarget "XLPagerTabStrip-XLPagerTabStrip" */ = {
			isa = XCConfigurationList;
			buildConfigurations = (
				FBEE5EDBB08FCAF4E9C17085C33083C5 /* AdHoc */,
				079991A1BB6A94040403D4A1B90C1E76 /* Debug */,
				2C3F148C31D5370A42E43C11A22B70EE /* Release */,
			);
			defaultConfigurationIsVisible = 0;
			defaultConfigurationName = Release;
		};
/* End XCConfigurationList section */
	};
	rootObject = BFDFE7DC352907FC980B868725387E98 /* Project object */;
}
